
Microsoft Visual Studio Solution File, Format Version 12.00
# Visual Studio 15
Project("{FAE04EC0-301F-11D3-BF4B-00C04F79EFBC}") = "Zenject", "Zenject.csproj", "{3272147B-E6DC-743F-C7E1-DADA253A5899}"
EndProject
Project("{FAE04EC0-301F-11D3-BF4B-00C04F79EFBC}") = "Zenject-IntegrationTests-Editor", "Zenject-IntegrationTests-Editor.csproj", "{6BB6E8C1-9A57-78AF-8D86-C9EDCC899086}"
EndProject
Project("{FAE04EC0-301F-11D3-BF4B-00C04F79EFBC}") = "Assembly-CSharp", "Assembly-CSharp.csproj", "{21165FDF-2B74-1673-84BC-206AB47145C8}"
EndProject
Project("{FAE04EC0-301F-11D3-BF4B-00C04F79EFBC}") = "Zenject-IntegrationTests", "Zenject-IntegrationTests.csproj", "{7978CE68-BB50-9236-EBB2-8BDBB31E3CB8}"
EndProject
Project("{FAE04EC0-301F-11D3-BF4B-00C04F79EFBC}") = "Zenject-PoolMonitor-Editor", "Zenject-PoolMonitor-Editor.csproj", "{41A256C3-05D8-5DAA-2C7B-A2C6F2563C13}"
EndProject
Project("{FAE04EC0-301F-11D3-BF4B-00C04F79EFBC}") = "Zenject-UnitTests-Editor", "Zenject-UnitTests-Editor.csproj", "{6E98CBC3-2CD8-3678-C801-23575CA5EA6C}"
EndProject
Project("{FAE04EC0-301F-11D3-BF4B-00C04F79EFBC}") = "Zenject-ReflectionBaking-Editor", "Zenject-ReflectionBaking-Editor.csproj", "{3E8E75D3-060C-32BC-987C-092C5F0AD5AC}"
EndProject
Project("{FAE04EC0-301F-11D3-BF4B-00C04F79EFBC}") = "Zenject-TestFramework", "Zenject-TestFramework.csproj", "{C2EEE4E1-C733-F9B3-317F-31FC835B6C56}"
EndProject
Project("{FAE04EC0-301F-11D3-BF4B-00C04F79EFBC}") = "Zenject-Editor", "Zenject-Editor.csproj", "{D9400AC5-8099-0D6D-2570-71EC0CC1744F}"
EndProject
Global
	GlobalSection(SolutionConfigurationPlatforms) = preSolution
		Debug|Any CPU = Debug|Any CPU
		Release|Any CPU = Release|Any CPU
	EndGlobalSection
	GlobalSection(ProjectConfigurationPlatforms) = postSolution
		{3272147B-E6DC-743F-C7E1-DADA253A5899}.Debug|Any CPU.ActiveCfg = Debug|Any CPU
		{3272147B-E6DC-743F-C7E1-DADA253A5899}.Debug|Any CPU.Build.0 = Debug|Any CPU
		{3272147B-E6DC-743F-C7E1-DADA253A5899}.Release|Any CPU.ActiveCfg = Release|Any CPU
		{3272147B-E6DC-743F-C7E1-DADA253A5899}.Release|Any CPU.Build.0 = Release|Any CPU
		{6BB6E8C1-9A57-78AF-8D86-C9EDCC899086}.Debug|Any CPU.ActiveCfg = Debug|Any CPU
		{6BB6E8C1-9A57-78AF-8D86-C9EDCC899086}.Debug|Any CPU.Build.0 = Debug|Any CPU
		{6BB6E8C1-9A57-78AF-8D86-C9EDCC899086}.Release|Any CPU.ActiveCfg = Release|Any CPU
		{6BB6E8C1-9A57-78AF-8D86-C9EDCC899086}.Release|Any CPU.Build.0 = Release|Any CPU
		{21165FDF-2B74-1673-84BC-206AB47145C8}.Debug|Any CPU.ActiveCfg = Debug|Any CPU
		{21165FDF-2B74-1673-84BC-206AB47145C8}.Debug|Any CPU.Build.0 = Debug|Any CPU
		{21165FDF-2B74-1673-84BC-206AB47145C8}.Release|Any CPU.ActiveCfg = Release|Any CPU
		{21165FDF-2B74-1673-84BC-206AB47145C8}.Release|Any CPU.Build.0 = Release|Any CPU
		{7978CE68-BB50-9236-EBB2-8BDBB31E3CB8}.Debug|Any CPU.ActiveCfg = Debug|Any CPU
		{7978CE68-BB50-9236-EBB2-8BDBB31E3CB8}.Debug|Any CPU.Build.0 = Debug|Any CPU
		{7978CE68-BB50-9236-EBB2-8BDBB31E3CB8}.Release|Any CPU.ActiveCfg = Release|Any CPU
		{7978CE68-BB50-9236-EBB2-8BDBB31E3CB8}.Release|Any CPU.Build.0 = Release|Any CPU
		{41A256C3-05D8-5DAA-2C7B-A2C6F2563C13}.Debug|Any CPU.ActiveCfg = Debug|Any CPU
		{41A256C3-05D8-5DAA-2C7B-A2C6F2563C13}.Debug|Any CPU.Build.0 = Debug|Any CPU
		{41A256C3-05D8-5DAA-2C7B-A2C6F2563C13}.Release|Any CPU.ActiveCfg = Release|Any CPU
		{41A256C3-05D8-5DAA-2C7B-A2C6F2563C13}.Release|Any CPU.Build.0 = Release|Any CPU
		{6E98CBC3-2CD8-3678-C801-23575CA5EA6C}.Debug|Any CPU.ActiveCfg = Debug|Any CPU
		{6E98CBC3-2CD8-3678-C801-23575CA5EA6C}.Debug|Any CPU.Build.0 = Debug|Any CPU
		{6E98CBC3-2CD8-3678-C801-23575CA5EA6C}.Release|Any CPU.ActiveCfg = Release|Any CPU
		{6E98CBC3-2CD8-3678-C801-23575CA5EA6C}.Release|Any CPU.Build.0 = Release|Any CPU
		{3E8E75D3-060C-32BC-987C-092C5F0AD5AC}.Debug|Any CPU.ActiveCfg = Debug|Any CPU
		{3E8E75D3-060C-32BC-987C-092C5F0AD5AC}.Debug|Any CPU.Build.0 = Debug|Any CPU
		{3E8E75D3-060C-32BC-987C-092C5F0AD5AC}.Release|Any CPU.ActiveCfg = Release|Any CPU
		{3E8E75D3-060C-32BC-987C-092C5F0AD5AC}.Release|Any CPU.Build.0 = Release|Any CPU
		{C2EEE4E1-C733-F9B3-317F-31FC835B6C56}.Debug|Any CPU.ActiveCfg = Debug|Any CPU
		{C2EEE4E1-C733-F9B3-317F-31FC835B6C56}.Debug|Any CPU.Build.0 = Debug|Any CPU
		{C2EEE4E1-C733-F9B3-317F-31FC835B6C56}.Release|Any CPU.ActiveCfg = Release|Any CPU
		{C2EEE4E1-C733-F9B3-317F-31FC835B6C56}.Release|Any CPU.Build.0 = Release|Any CPU
		{D9400AC5-8099-0D6D-2570-71EC0CC1744F}.Debug|Any CPU.ActiveCfg = Debug|Any CPU
		{D9400AC5-8099-0D6D-2570-71EC0CC1744F}.Debug|Any CPU.Build.0 = Debug|Any CPU
		{D9400AC5-8099-0D6D-2570-71EC0CC1744F}.Release|Any CPU.ActiveCfg = Release|Any CPU
		{D9400AC5-8099-0D6D-2570-71EC0CC1744F}.Release|Any CPU.Build.0 = Release|Any CPU
	EndGlobalSection
	GlobalSection(SolutionProperties) = preSolution
		HideSolutionNode = FALSE
	EndGlobalSection
EndGlobal
