
Microsoft Visual Studio Solution File, Format Version 12.00
# Visual Studio 15
Project("{FAE04EC0-301F-11D3-BF4B-00C04F79EFBC}") = "UnityEngine.TestRunner", "UnityEngine.TestRunner.csproj", "{805DBCE2-2F36-C8FC-D7DD-EA11975A9086}"
EndProject
Project("{FAE04EC0-301F-11D3-BF4B-00C04F79EFBC}") = "Unity.Mathematics", "Unity.Mathematics.csproj", "{D5732285-2027-403A-D357-3752E3D030E1}"
EndProject
Project("{FAE04EC0-301F-11D3-BF4B-00C04F79EFBC}") = "Unity.2D.Animation.Triangle.Runtime", "Unity.2D.Animation.Triangle.Runtime.csproj", "{B9803381-348D-E53A-394B-5A859A506BA8}"
EndProject
Project("{FAE04EC0-301F-11D3-BF4B-00C04F79EFBC}") = "Unity.Timeline", "Unity.Timeline.csproj", "{BFDF4A29-15D4-1A9B-6B3E-02512CD513C4}"
EndProject
Project("{FAE04EC0-301F-11D3-BF4B-00C04F79EFBC}") = "UnityEngine.UI", "UnityEngine.UI.csproj", "{42B3AD9E-22DF-7CEF-E916-1B6F1D43BB0A}"
EndProject
Project("{FAE04EC0-301F-11D3-BF4B-00C04F79EFBC}") = "Unity.TextMeshPro", "Unity.TextMeshPro.csproj", "{936B6334-8E0E-184E-A11E-6DD2D6F4D846}"
EndProject
Project("{FAE04EC0-301F-11D3-BF4B-00C04F79EFBC}") = "Unity.2D.Animation.Runtime", "Unity.2D.Animation.Runtime.csproj", "{EC237578-9A96-094B-F5F3-E221BA645EAB}"
EndProject
Project("{FAE04EC0-301F-11D3-BF4B-00C04F79EFBC}") = "Unity.2D.IK.Runtime", "Unity.2D.IK.Runtime.csproj", "{F9082ED7-3869-75D9-15F1-24330D768EB8}"
EndProject
Project("{FAE04EC0-301F-11D3-BF4B-00C04F79EFBC}") = "Unity.Notifications.Android", "Unity.Notifications.Android.csproj", "{D0A2628E-818C-A77C-B2D9-1C28E541D472}"
EndProject
Project("{FAE04EC0-301F-11D3-BF4B-00C04F79EFBC}") = "Unity.2D.SpriteShape.Runtime", "Unity.2D.SpriteShape.Runtime.csproj", "{99E5043E-770E-696D-84DF-BFD7C15A23A7}"
EndProject
Project("{FAE04EC0-301F-11D3-BF4B-00C04F79EFBC}") = "Unity.Notifications.iOS", "Unity.Notifications.iOS.csproj", "{383F0CD1-D52D-4B42-6E47-C603AD54E345}"
EndProject
Project("{FAE04EC0-301F-11D3-BF4B-00C04F79EFBC}") = "Unity.2D.PixelPerfect", "Unity.2D.PixelPerfect.csproj", "{A3E35847-B7BB-16C5-A1D1-E35D2F4AE1DF}"
EndProject
Project("{FAE04EC0-301F-11D3-BF4B-00C04F79EFBC}") = "Unity.2D.Common.Runtime", "Unity.2D.Common.Runtime.csproj", "{35362370-6DCC-4B08-DC5B-02250EB8D87F}"
EndProject
Project("{FAE04EC0-301F-11D3-BF4B-00C04F79EFBC}") = "Unity.InternalAPIEngineBridge.001", "Unity.InternalAPIEngineBridge.001.csproj", "{791B39F2-471B-8970-E53E-8DA339574579}"
EndProject
Project("{FAE04EC0-301F-11D3-BF4B-00C04F79EFBC}") = "Assembly-CSharp", "Assembly-CSharp.csproj", "{59A4239B-2959-4BBE-1560-7F258DC9E4A1}"
EndProject
Project("{FAE04EC0-301F-11D3-BF4B-00C04F79EFBC}") = "UnityEditor.TestRunner", "UnityEditor.TestRunner.csproj", "{8AF514F7-2CFD-44E7-467B-02053B30F621}"
EndProject
Project("{FAE04EC0-301F-11D3-BF4B-00C04F79EFBC}") = "Unity.PlasticSCM.Editor", "Unity.PlasticSCM.Editor.csproj", "{90FF8B39-DC72-8057-243B-A1DA7FA2E9B6}"
EndProject
Project("{FAE04EC0-301F-11D3-BF4B-00C04F79EFBC}") = "UnityEditor.UI", "UnityEditor.UI.csproj", "{F937F0A3-B40A-0766-DC15-A2A0F4AD684E}"
EndProject
Project("{FAE04EC0-301F-11D3-BF4B-00C04F79EFBC}") = "Unity.Services.Core.Editor", "Unity.Services.Core.Editor.csproj", "{FBDF782E-956C-0BB1-74B1-32F70B52CC53}"
EndProject
Project("{FAE04EC0-301F-11D3-BF4B-00C04F79EFBC}") = "Unity.Timeline.Editor", "Unity.Timeline.Editor.csproj", "{93E2DBD4-1545-AE9A-65E6-8D892437FC5C}"
EndProject
Project("{FAE04EC0-301F-11D3-BF4B-00C04F79EFBC}") = "Unity.VisualStudio.Editor", "Unity.VisualStudio.Editor.csproj", "{0A3593A1-8299-BCB8-4B87-B08B04F09798}"
EndProject
Project("{FAE04EC0-301F-11D3-BF4B-00C04F79EFBC}") = "Unity.2D.Psdimporter.Editor", "Unity.2D.Psdimporter.Editor.csproj", "{1598F4C4-DB31-8EFF-E737-E02D927F97A5}"
EndProject
Project("{FAE04EC0-301F-11D3-BF4B-00C04F79EFBC}") = "Unity.2D.Animation.Editor", "Unity.2D.Animation.Editor.csproj", "{FCFD468B-CF7C-7F67-5C8B-7DB9E8A63571}"
EndProject
Project("{FAE04EC0-301F-11D3-BF4B-00C04F79EFBC}") = "Unity.TextMeshPro.Editor", "Unity.TextMeshPro.Editor.csproj", "{4CC1E0AF-50DE-38BC-2CC3-EFA0EF028BDC}"
EndProject
Project("{FAE04EC0-301F-11D3-BF4B-00C04F79EFBC}") = "Unity.2D.SpriteShape.Editor", "Unity.2D.SpriteShape.Editor.csproj", "{BE2A2086-2E2A-BCA6-056A-05FC13DACB86}"
EndProject
Project("{FAE04EC0-301F-11D3-BF4B-00C04F79EFBC}") = "Unity.CollabProxy.Editor", "Unity.CollabProxy.Editor.csproj", "{741999E5-6F72-8721-ADDB-FAAC3FE65EC7}"
EndProject
Project("{FAE04EC0-301F-11D3-BF4B-00C04F79EFBC}") = "PsdPlugin", "PsdPlugin.csproj", "{AB7A6E26-4620-094A-A35E-77F78A87DA2D}"
EndProject
Project("{FAE04EC0-301F-11D3-BF4B-00C04F79EFBC}") = "Unity.2D.Path.Editor", "Unity.2D.Path.Editor.csproj", "{0624ED29-6335-A539-6C3A-326C4145F95A}"
EndProject
Project("{FAE04EC0-301F-11D3-BF4B-00C04F79EFBC}") = "Unity.Mobile.AndroidLogcat.Editor", "Unity.Mobile.AndroidLogcat.Editor.csproj", "{0F05FD2C-DE13-DD3A-E7AC-5392ADB9BF10}"
EndProject
Project("{FAE04EC0-301F-11D3-BF4B-00C04F79EFBC}") = "Unity.Rider.Editor", "Unity.Rider.Editor.csproj", "{7929B4F2-4575-F6DD-8C56-6A3C1D7BB69A}"
EndProject
Project("{FAE04EC0-301F-11D3-BF4B-00C04F79EFBC}") = "Unity.DeviceSimulator.Editor", "Unity.DeviceSimulator.Editor.csproj", "{B7A9DE4A-A706-65D3-245C-00FE81313BA6}"
EndProject
Project("{FAE04EC0-301F-11D3-BF4B-00C04F79EFBC}") = "Unity.2D.IK.Editor", "Unity.2D.IK.Editor.csproj", "{DCCBCF28-8D65-E214-10B5-6A2C4C1AEDE2}"
EndProject
Project("{FAE04EC0-301F-11D3-BF4B-00C04F79EFBC}") = "Unity.2D.Sprite.Editor", "Unity.2D.Sprite.Editor.csproj", "{E724BC5F-E0E3-A2EB-FFA7-B04E924C844E}"
EndProject
Project("{FAE04EC0-301F-11D3-BF4B-00C04F79EFBC}") = "Unity.2D.Tilemap.Editor", "Unity.2D.Tilemap.Editor.csproj", "{5660D900-49F8-3005-BD4A-431EA0098D20}"
EndProject
Project("{FAE04EC0-301F-11D3-BF4B-00C04F79EFBC}") = "Unity.2D.PixelPerfect.Editor", "Unity.2D.PixelPerfect.Editor.csproj", "{4A4C3209-4ADB-D912-7B09-2B58EE4FCDC2}"
EndProject
Project("{FAE04EC0-301F-11D3-BF4B-00C04F79EFBC}") = "Unity.VSCode.Editor", "Unity.VSCode.Editor.csproj", "{6A8BD586-389D-9888-E0F7-1586E3CA0B6C}"
EndProject
Project("{FAE04EC0-301F-11D3-BF4B-00C04F79EFBC}") = "Unity.Notifications", "Unity.Notifications.csproj", "{C5372084-55EF-131C-DD76-816C5DF3993C}"
EndProject
Project("{FAE04EC0-301F-11D3-BF4B-00C04F79EFBC}") = "Unity.2D.Common.Editor", "Unity.2D.Common.Editor.csproj", "{B5F38325-77F4-4832-FEDB-ED43F54D0676}"
EndProject
Project("{FAE04EC0-301F-11D3-BF4B-00C04F79EFBC}") = "Unity.Mathematics.Editor", "Unity.Mathematics.Editor.csproj", "{2C135C69-FA1F-14FF-C521-FD238250A844}"
EndProject
Project("{FAE04EC0-301F-11D3-BF4B-00C04F79EFBC}") = "Unity.InternalAPIEditorBridge.001", "Unity.InternalAPIEditorBridge.001.csproj", "{CDB58ACA-5813-5BCB-3614-35D500C46DE8}"
EndProject
Project("{FAE04EC0-301F-11D3-BF4B-00C04F79EFBC}") = "UnityEngine.TestRunner", "UnityEngine.TestRunner.Player.csproj", "{CC585CB8-3CEA-97A1-F86A-06650FFDD129}"
EndProject
Project("{FAE04EC0-301F-11D3-BF4B-00C04F79EFBC}") = "Unity.Mathematics", "Unity.Mathematics.Player.csproj", "{4397A808-54FF-1443-77ED-B1E60D558BF8}"
EndProject
Project("{FAE04EC0-301F-11D3-BF4B-00C04F79EFBC}") = "Unity.2D.Animation.Triangle.Runtime", "Unity.2D.Animation.Triangle.Runtime.Player.csproj", "{7F7D01D7-B0C2-0FE2-FED0-7772FBDD68AF}"
EndProject
Project("{FAE04EC0-301F-11D3-BF4B-00C04F79EFBC}") = "Unity.Timeline", "Unity.Timeline.Player.csproj", "{D9814E27-0EDE-994C-B20E-968E92B89E2B}"
EndProject
Project("{FAE04EC0-301F-11D3-BF4B-00C04F79EFBC}") = "UnityEngine.UI", "UnityEngine.UI.Player.csproj", "{F67BC045-F025-4CE5-8992-7CF805F9DA5F}"
EndProject
Project("{FAE04EC0-301F-11D3-BF4B-00C04F79EFBC}") = "Unity.TextMeshPro", "Unity.TextMeshPro.Player.csproj", "{B6073987-C504-99A3-997A-EC1397863AA8}"
EndProject
Project("{FAE04EC0-301F-11D3-BF4B-00C04F79EFBC}") = "Unity.2D.Animation.Runtime", "Unity.2D.Animation.Runtime.Player.csproj", "{42873137-B72E-0249-F4B3-E2EEE2A733D7}"
EndProject
Project("{FAE04EC0-301F-11D3-BF4B-00C04F79EFBC}") = "Unity.2D.IK.Runtime", "Unity.2D.IK.Runtime.Player.csproj", "{300CBA05-8CA0-EFB4-E2A4-2E2EC1E0E27F}"
EndProject
Project("{FAE04EC0-301F-11D3-BF4B-00C04F79EFBC}") = "Unity.2D.SpriteShape.Runtime", "Unity.2D.SpriteShape.Runtime.Player.csproj", "{E08448D8-13D6-A1E8-9D9E-8D8B2E0F7191}"
EndProject
Project("{FAE04EC0-301F-11D3-BF4B-00C04F79EFBC}") = "Unity.2D.PixelPerfect", "Unity.2D.PixelPerfect.Player.csproj", "{E3137F52-42E0-255C-4576-FA96E268C6E9}"
EndProject
Project("{FAE04EC0-301F-11D3-BF4B-00C04F79EFBC}") = "Unity.2D.Common.Runtime", "Unity.2D.Common.Runtime.Player.csproj", "{4617A7C7-0CAE-A9A5-9B0B-4C93654497C7}"
EndProject
Project("{FAE04EC0-301F-11D3-BF4B-00C04F79EFBC}") = "Unity.InternalAPIEngineBridge.001", "Unity.InternalAPIEngineBridge.001.Player.csproj", "{AF51ED87-7A9C-4333-1B98-B5B31C71F6FA}"
EndProject
Project("{FAE04EC0-301F-11D3-BF4B-00C04F79EFBC}") = "Assembly-CSharp", "Assembly-CSharp.Player.csproj", "{F24B86A4-C198-FB26-9613-2B753FED1FF7}"
EndProject
Global
	GlobalSection(SolutionConfigurationPlatforms) = preSolution
		Debug|Any CPU = Debug|Any CPU
		Release|Any CPU = Release|Any CPU
	EndGlobalSection
	GlobalSection(ProjectConfigurationPlatforms) = postSolution
		{805DBCE2-2F36-C8FC-D7DD-EA11975A9086}.Debug|Any CPU.ActiveCfg = Debug|Any CPU
		{805DBCE2-2F36-C8FC-D7DD-EA11975A9086}.Debug|Any CPU.Build.0 = Debug|Any CPU
		{805DBCE2-2F36-C8FC-D7DD-EA11975A9086}.Release|Any CPU.ActiveCfg = Release|Any CPU
		{805DBCE2-2F36-C8FC-D7DD-EA11975A9086}.Release|Any CPU.Build.0 = Release|Any CPU
		{D5732285-2027-403A-D357-3752E3D030E1}.Debug|Any CPU.ActiveCfg = Debug|Any CPU
		{D5732285-2027-403A-D357-3752E3D030E1}.Debug|Any CPU.Build.0 = Debug|Any CPU
		{D5732285-2027-403A-D357-3752E3D030E1}.Release|Any CPU.ActiveCfg = Release|Any CPU
		{D5732285-2027-403A-D357-3752E3D030E1}.Release|Any CPU.Build.0 = Release|Any CPU
		{B9803381-348D-E53A-394B-5A859A506BA8}.Debug|Any CPU.ActiveCfg = Debug|Any CPU
		{B9803381-348D-E53A-394B-5A859A506BA8}.Debug|Any CPU.Build.0 = Debug|Any CPU
		{B9803381-348D-E53A-394B-5A859A506BA8}.Release|Any CPU.ActiveCfg = Release|Any CPU
		{B9803381-348D-E53A-394B-5A859A506BA8}.Release|Any CPU.Build.0 = Release|Any CPU
		{BFDF4A29-15D4-1A9B-6B3E-02512CD513C4}.Debug|Any CPU.ActiveCfg = Debug|Any CPU
		{BFDF4A29-15D4-1A9B-6B3E-02512CD513C4}.Debug|Any CPU.Build.0 = Debug|Any CPU
		{BFDF4A29-15D4-1A9B-6B3E-02512CD513C4}.Release|Any CPU.ActiveCfg = Release|Any CPU
		{BFDF4A29-15D4-1A9B-6B3E-02512CD513C4}.Release|Any CPU.Build.0 = Release|Any CPU
		{42B3AD9E-22DF-7CEF-E916-1B6F1D43BB0A}.Debug|Any CPU.ActiveCfg = Debug|Any CPU
		{42B3AD9E-22DF-7CEF-E916-1B6F1D43BB0A}.Debug|Any CPU.Build.0 = Debug|Any CPU
		{42B3AD9E-22DF-7CEF-E916-1B6F1D43BB0A}.Release|Any CPU.ActiveCfg = Release|Any CPU
		{42B3AD9E-22DF-7CEF-E916-1B6F1D43BB0A}.Release|Any CPU.Build.0 = Release|Any CPU
		{936B6334-8E0E-184E-A11E-6DD2D6F4D846}.Debug|Any CPU.ActiveCfg = Debug|Any CPU
		{936B6334-8E0E-184E-A11E-6DD2D6F4D846}.Debug|Any CPU.Build.0 = Debug|Any CPU
		{936B6334-8E0E-184E-A11E-6DD2D6F4D846}.Release|Any CPU.ActiveCfg = Release|Any CPU
		{936B6334-8E0E-184E-A11E-6DD2D6F4D846}.Release|Any CPU.Build.0 = Release|Any CPU
		{EC237578-9A96-094B-F5F3-E221BA645EAB}.Debug|Any CPU.ActiveCfg = Debug|Any CPU
		{EC237578-9A96-094B-F5F3-E221BA645EAB}.Debug|Any CPU.Build.0 = Debug|Any CPU
		{EC237578-9A96-094B-F5F3-E221BA645EAB}.Release|Any CPU.ActiveCfg = Release|Any CPU
		{EC237578-9A96-094B-F5F3-E221BA645EAB}.Release|Any CPU.Build.0 = Release|Any CPU
		{F9082ED7-3869-75D9-15F1-24330D768EB8}.Debug|Any CPU.ActiveCfg = Debug|Any CPU
		{F9082ED7-3869-75D9-15F1-24330D768EB8}.Debug|Any CPU.Build.0 = Debug|Any CPU
		{F9082ED7-3869-75D9-15F1-24330D768EB8}.Release|Any CPU.ActiveCfg = Release|Any CPU
		{F9082ED7-3869-75D9-15F1-24330D768EB8}.Release|Any CPU.Build.0 = Release|Any CPU
		{D0A2628E-818C-A77C-B2D9-1C28E541D472}.Debug|Any CPU.ActiveCfg = Debug|Any CPU
		{D0A2628E-818C-A77C-B2D9-1C28E541D472}.Debug|Any CPU.Build.0 = Debug|Any CPU
		{D0A2628E-818C-A77C-B2D9-1C28E541D472}.Release|Any CPU.ActiveCfg = Release|Any CPU
		{D0A2628E-818C-A77C-B2D9-1C28E541D472}.Release|Any CPU.Build.0 = Release|Any CPU
		{99E5043E-770E-696D-84DF-BFD7C15A23A7}.Debug|Any CPU.ActiveCfg = Debug|Any CPU
		{99E5043E-770E-696D-84DF-BFD7C15A23A7}.Debug|Any CPU.Build.0 = Debug|Any CPU
		{99E5043E-770E-696D-84DF-BFD7C15A23A7}.Release|Any CPU.ActiveCfg = Release|Any CPU
		{99E5043E-770E-696D-84DF-BFD7C15A23A7}.Release|Any CPU.Build.0 = Release|Any CPU
		{383F0CD1-D52D-4B42-6E47-C603AD54E345}.Debug|Any CPU.ActiveCfg = Debug|Any CPU
		{383F0CD1-D52D-4B42-6E47-C603AD54E345}.Debug|Any CPU.Build.0 = Debug|Any CPU
		{383F0CD1-D52D-4B42-6E47-C603AD54E345}.Release|Any CPU.ActiveCfg = Release|Any CPU
		{383F0CD1-D52D-4B42-6E47-C603AD54E345}.Release|Any CPU.Build.0 = Release|Any CPU
		{A3E35847-B7BB-16C5-A1D1-E35D2F4AE1DF}.Debug|Any CPU.ActiveCfg = Debug|Any CPU
		{A3E35847-B7BB-16C5-A1D1-E35D2F4AE1DF}.Debug|Any CPU.Build.0 = Debug|Any CPU
		{A3E35847-B7BB-16C5-A1D1-E35D2F4AE1DF}.Release|Any CPU.ActiveCfg = Release|Any CPU
		{A3E35847-B7BB-16C5-A1D1-E35D2F4AE1DF}.Release|Any CPU.Build.0 = Release|Any CPU
		{35362370-6DCC-4B08-DC5B-02250EB8D87F}.Debug|Any CPU.ActiveCfg = Debug|Any CPU
		{35362370-6DCC-4B08-DC5B-02250EB8D87F}.Debug|Any CPU.Build.0 = Debug|Any CPU
		{35362370-6DCC-4B08-DC5B-02250EB8D87F}.Release|Any CPU.ActiveCfg = Release|Any CPU
		{35362370-6DCC-4B08-DC5B-02250EB8D87F}.Release|Any CPU.Build.0 = Release|Any CPU
		{791B39F2-471B-8970-E53E-8DA339574579}.Debug|Any CPU.ActiveCfg = Debug|Any CPU
		{791B39F2-471B-8970-E53E-8DA339574579}.Debug|Any CPU.Build.0 = Debug|Any CPU
		{791B39F2-471B-8970-E53E-8DA339574579}.Release|Any CPU.ActiveCfg = Release|Any CPU
		{791B39F2-471B-8970-E53E-8DA339574579}.Release|Any CPU.Build.0 = Release|Any CPU
		{59A4239B-2959-4BBE-1560-7F258DC9E4A1}.Debug|Any CPU.ActiveCfg = Debug|Any CPU
		{59A4239B-2959-4BBE-1560-7F258DC9E4A1}.Debug|Any CPU.Build.0 = Debug|Any CPU
		{59A4239B-2959-4BBE-1560-7F258DC9E4A1}.Release|Any CPU.ActiveCfg = Release|Any CPU
		{59A4239B-2959-4BBE-1560-7F258DC9E4A1}.Release|Any CPU.Build.0 = Release|Any CPU
		{8AF514F7-2CFD-44E7-467B-02053B30F621}.Debug|Any CPU.ActiveCfg = Debug|Any CPU
		{8AF514F7-2CFD-44E7-467B-02053B30F621}.Debug|Any CPU.Build.0 = Debug|Any CPU
		{8AF514F7-2CFD-44E7-467B-02053B30F621}.Release|Any CPU.ActiveCfg = Release|Any CPU
		{8AF514F7-2CFD-44E7-467B-02053B30F621}.Release|Any CPU.Build.0 = Release|Any CPU
		{90FF8B39-DC72-8057-243B-A1DA7FA2E9B6}.Debug|Any CPU.ActiveCfg = Debug|Any CPU
		{90FF8B39-DC72-8057-243B-A1DA7FA2E9B6}.Debug|Any CPU.Build.0 = Debug|Any CPU
		{90FF8B39-DC72-8057-243B-A1DA7FA2E9B6}.Release|Any CPU.ActiveCfg = Release|Any CPU
		{90FF8B39-DC72-8057-243B-A1DA7FA2E9B6}.Release|Any CPU.Build.0 = Release|Any CPU
		{F937F0A3-B40A-0766-DC15-A2A0F4AD684E}.Debug|Any CPU.ActiveCfg = Debug|Any CPU
		{F937F0A3-B40A-0766-DC15-A2A0F4AD684E}.Debug|Any CPU.Build.0 = Debug|Any CPU
		{F937F0A3-B40A-0766-DC15-A2A0F4AD684E}.Release|Any CPU.ActiveCfg = Release|Any CPU
		{F937F0A3-B40A-0766-DC15-A2A0F4AD684E}.Release|Any CPU.Build.0 = Release|Any CPU
		{FBDF782E-956C-0BB1-74B1-32F70B52CC53}.Debug|Any CPU.ActiveCfg = Debug|Any CPU
		{FBDF782E-956C-0BB1-74B1-32F70B52CC53}.Debug|Any CPU.Build.0 = Debug|Any CPU
		{FBDF782E-956C-0BB1-74B1-32F70B52CC53}.Release|Any CPU.ActiveCfg = Release|Any CPU
		{FBDF782E-956C-0BB1-74B1-32F70B52CC53}.Release|Any CPU.Build.0 = Release|Any CPU
		{93E2DBD4-1545-AE9A-65E6-8D892437FC5C}.Debug|Any CPU.ActiveCfg = Debug|Any CPU
		{93E2DBD4-1545-AE9A-65E6-8D892437FC5C}.Debug|Any CPU.Build.0 = Debug|Any CPU
		{93E2DBD4-1545-AE9A-65E6-8D892437FC5C}.Release|Any CPU.ActiveCfg = Release|Any CPU
		{93E2DBD4-1545-AE9A-65E6-8D892437FC5C}.Release|Any CPU.Build.0 = Release|Any CPU
		{0A3593A1-8299-BCB8-4B87-B08B04F09798}.Debug|Any CPU.ActiveCfg = Debug|Any CPU
		{0A3593A1-8299-BCB8-4B87-B08B04F09798}.Debug|Any CPU.Build.0 = Debug|Any CPU
		{0A3593A1-8299-BCB8-4B87-B08B04F09798}.Release|Any CPU.ActiveCfg = Release|Any CPU
		{0A3593A1-8299-BCB8-4B87-B08B04F09798}.Release|Any CPU.Build.0 = Release|Any CPU
		{1598F4C4-DB31-8EFF-E737-E02D927F97A5}.Debug|Any CPU.ActiveCfg = Debug|Any CPU
		{1598F4C4-DB31-8EFF-E737-E02D927F97A5}.Debug|Any CPU.Build.0 = Debug|Any CPU
		{1598F4C4-DB31-8EFF-E737-E02D927F97A5}.Release|Any CPU.ActiveCfg = Release|Any CPU
		{1598F4C4-DB31-8EFF-E737-E02D927F97A5}.Release|Any CPU.Build.0 = Release|Any CPU
		{FCFD468B-CF7C-7F67-5C8B-7DB9E8A63571}.Debug|Any CPU.ActiveCfg = Debug|Any CPU
		{FCFD468B-CF7C-7F67-5C8B-7DB9E8A63571}.Debug|Any CPU.Build.0 = Debug|Any CPU
		{FCFD468B-CF7C-7F67-5C8B-7DB9E8A63571}.Release|Any CPU.ActiveCfg = Release|Any CPU
		{FCFD468B-CF7C-7F67-5C8B-7DB9E8A63571}.Release|Any CPU.Build.0 = Release|Any CPU
		{4CC1E0AF-50DE-38BC-2CC3-EFA0EF028BDC}.Debug|Any CPU.ActiveCfg = Debug|Any CPU
		{4CC1E0AF-50DE-38BC-2CC3-EFA0EF028BDC}.Debug|Any CPU.Build.0 = Debug|Any CPU
		{4CC1E0AF-50DE-38BC-2CC3-EFA0EF028BDC}.Release|Any CPU.ActiveCfg = Release|Any CPU
		{4CC1E0AF-50DE-38BC-2CC3-EFA0EF028BDC}.Release|Any CPU.Build.0 = Release|Any CPU
		{BE2A2086-2E2A-BCA6-056A-05FC13DACB86}.Debug|Any CPU.ActiveCfg = Debug|Any CPU
		{BE2A2086-2E2A-BCA6-056A-05FC13DACB86}.Debug|Any CPU.Build.0 = Debug|Any CPU
		{BE2A2086-2E2A-BCA6-056A-05FC13DACB86}.Release|Any CPU.ActiveCfg = Release|Any CPU
		{BE2A2086-2E2A-BCA6-056A-05FC13DACB86}.Release|Any CPU.Build.0 = Release|Any CPU
		{741999E5-6F72-8721-ADDB-FAAC3FE65EC7}.Debug|Any CPU.ActiveCfg = Debug|Any CPU
		{741999E5-6F72-8721-ADDB-FAAC3FE65EC7}.Debug|Any CPU.Build.0 = Debug|Any CPU
		{741999E5-6F72-8721-ADDB-FAAC3FE65EC7}.Release|Any CPU.ActiveCfg = Release|Any CPU
		{741999E5-6F72-8721-ADDB-FAAC3FE65EC7}.Release|Any CPU.Build.0 = Release|Any CPU
		{AB7A6E26-4620-094A-A35E-77F78A87DA2D}.Debug|Any CPU.ActiveCfg = Debug|Any CPU
		{AB7A6E26-4620-094A-A35E-77F78A87DA2D}.Debug|Any CPU.Build.0 = Debug|Any CPU
		{AB7A6E26-4620-094A-A35E-77F78A87DA2D}.Release|Any CPU.ActiveCfg = Release|Any CPU
		{AB7A6E26-4620-094A-A35E-77F78A87DA2D}.Release|Any CPU.Build.0 = Release|Any CPU
		{0624ED29-6335-A539-6C3A-326C4145F95A}.Debug|Any CPU.ActiveCfg = Debug|Any CPU
		{0624ED29-6335-A539-6C3A-326C4145F95A}.Debug|Any CPU.Build.0 = Debug|Any CPU
		{0624ED29-6335-A539-6C3A-326C4145F95A}.Release|Any CPU.ActiveCfg = Release|Any CPU
		{0624ED29-6335-A539-6C3A-326C4145F95A}.Release|Any CPU.Build.0 = Release|Any CPU
		{0F05FD2C-DE13-DD3A-E7AC-5392ADB9BF10}.Debug|Any CPU.ActiveCfg = Debug|Any CPU
		{0F05FD2C-DE13-DD3A-E7AC-5392ADB9BF10}.Debug|Any CPU.Build.0 = Debug|Any CPU
		{0F05FD2C-DE13-DD3A-E7AC-5392ADB9BF10}.Release|Any CPU.ActiveCfg = Release|Any CPU
		{0F05FD2C-DE13-DD3A-E7AC-5392ADB9BF10}.Release|Any CPU.Build.0 = Release|Any CPU
		{7929B4F2-4575-F6DD-8C56-6A3C1D7BB69A}.Debug|Any CPU.ActiveCfg = Debug|Any CPU
		{7929B4F2-4575-F6DD-8C56-6A3C1D7BB69A}.Debug|Any CPU.Build.0 = Debug|Any CPU
		{7929B4F2-4575-F6DD-8C56-6A3C1D7BB69A}.Release|Any CPU.ActiveCfg = Release|Any CPU
		{7929B4F2-4575-F6DD-8C56-6A3C1D7BB69A}.Release|Any CPU.Build.0 = Release|Any CPU
		{B7A9DE4A-A706-65D3-245C-00FE81313BA6}.Debug|Any CPU.ActiveCfg = Debug|Any CPU
		{B7A9DE4A-A706-65D3-245C-00FE81313BA6}.Debug|Any CPU.Build.0 = Debug|Any CPU
		{B7A9DE4A-A706-65D3-245C-00FE81313BA6}.Release|Any CPU.ActiveCfg = Release|Any CPU
		{B7A9DE4A-A706-65D3-245C-00FE81313BA6}.Release|Any CPU.Build.0 = Release|Any CPU
		{DCCBCF28-8D65-E214-10B5-6A2C4C1AEDE2}.Debug|Any CPU.ActiveCfg = Debug|Any CPU
		{DCCBCF28-8D65-E214-10B5-6A2C4C1AEDE2}.Debug|Any CPU.Build.0 = Debug|Any CPU
		{DCCBCF28-8D65-E214-10B5-6A2C4C1AEDE2}.Release|Any CPU.ActiveCfg = Release|Any CPU
		{DCCBCF28-8D65-E214-10B5-6A2C4C1AEDE2}.Release|Any CPU.Build.0 = Release|Any CPU
		{E724BC5F-E0E3-A2EB-FFA7-B04E924C844E}.Debug|Any CPU.ActiveCfg = Debug|Any CPU
		{E724BC5F-E0E3-A2EB-FFA7-B04E924C844E}.Debug|Any CPU.Build.0 = Debug|Any CPU
		{E724BC5F-E0E3-A2EB-FFA7-B04E924C844E}.Release|Any CPU.ActiveCfg = Release|Any CPU
		{E724BC5F-E0E3-A2EB-FFA7-B04E924C844E}.Release|Any CPU.Build.0 = Release|Any CPU
		{5660D900-49F8-3005-BD4A-431EA0098D20}.Debug|Any CPU.ActiveCfg = Debug|Any CPU
		{5660D900-49F8-3005-BD4A-431EA0098D20}.Debug|Any CPU.Build.0 = Debug|Any CPU
		{5660D900-49F8-3005-BD4A-431EA0098D20}.Release|Any CPU.ActiveCfg = Release|Any CPU
		{5660D900-49F8-3005-BD4A-431EA0098D20}.Release|Any CPU.Build.0 = Release|Any CPU
		{4A4C3209-4ADB-D912-7B09-2B58EE4FCDC2}.Debug|Any CPU.ActiveCfg = Debug|Any CPU
		{4A4C3209-4ADB-D912-7B09-2B58EE4FCDC2}.Debug|Any CPU.Build.0 = Debug|Any CPU
		{4A4C3209-4ADB-D912-7B09-2B58EE4FCDC2}.Release|Any CPU.ActiveCfg = Release|Any CPU
		{4A4C3209-4ADB-D912-7B09-2B58EE4FCDC2}.Release|Any CPU.Build.0 = Release|Any CPU
		{6A8BD586-389D-9888-E0F7-1586E3CA0B6C}.Debug|Any CPU.ActiveCfg = Debug|Any CPU
		{6A8BD586-389D-9888-E0F7-1586E3CA0B6C}.Debug|Any CPU.Build.0 = Debug|Any CPU
		{6A8BD586-389D-9888-E0F7-1586E3CA0B6C}.Release|Any CPU.ActiveCfg = Release|Any CPU
		{6A8BD586-389D-9888-E0F7-1586E3CA0B6C}.Release|Any CPU.Build.0 = Release|Any CPU
		{C5372084-55EF-131C-DD76-816C5DF3993C}.Debug|Any CPU.ActiveCfg = Debug|Any CPU
		{C5372084-55EF-131C-DD76-816C5DF3993C}.Debug|Any CPU.Build.0 = Debug|Any CPU
		{C5372084-55EF-131C-DD76-816C5DF3993C}.Release|Any CPU.ActiveCfg = Release|Any CPU
		{C5372084-55EF-131C-DD76-816C5DF3993C}.Release|Any CPU.Build.0 = Release|Any CPU
		{B5F38325-77F4-4832-FEDB-ED43F54D0676}.Debug|Any CPU.ActiveCfg = Debug|Any CPU
		{B5F38325-77F4-4832-FEDB-ED43F54D0676}.Debug|Any CPU.Build.0 = Debug|Any CPU
		{B5F38325-77F4-4832-FEDB-ED43F54D0676}.Release|Any CPU.ActiveCfg = Release|Any CPU
		{B5F38325-77F4-4832-FEDB-ED43F54D0676}.Release|Any CPU.Build.0 = Release|Any CPU
		{2C135C69-FA1F-14FF-C521-FD238250A844}.Debug|Any CPU.ActiveCfg = Debug|Any CPU
		{2C135C69-FA1F-14FF-C521-FD238250A844}.Debug|Any CPU.Build.0 = Debug|Any CPU
		{2C135C69-FA1F-14FF-C521-FD238250A844}.Release|Any CPU.ActiveCfg = Release|Any CPU
		{2C135C69-FA1F-14FF-C521-FD238250A844}.Release|Any CPU.Build.0 = Release|Any CPU
		{CDB58ACA-5813-5BCB-3614-35D500C46DE8}.Debug|Any CPU.ActiveCfg = Debug|Any CPU
		{CDB58ACA-5813-5BCB-3614-35D500C46DE8}.Debug|Any CPU.Build.0 = Debug|Any CPU
		{CDB58ACA-5813-5BCB-3614-35D500C46DE8}.Release|Any CPU.ActiveCfg = Release|Any CPU
		{CDB58ACA-5813-5BCB-3614-35D500C46DE8}.Release|Any CPU.Build.0 = Release|Any CPU
		{CC585CB8-3CEA-97A1-F86A-06650FFDD129}.Debug|Any CPU.ActiveCfg = Debug|Any CPU
		{CC585CB8-3CEA-97A1-F86A-06650FFDD129}.Debug|Any CPU.Build.0 = Debug|Any CPU
		{CC585CB8-3CEA-97A1-F86A-06650FFDD129}.Release|Any CPU.ActiveCfg = Release|Any CPU
		{CC585CB8-3CEA-97A1-F86A-06650FFDD129}.Release|Any CPU.Build.0 = Release|Any CPU
		{4397A808-54FF-1443-77ED-B1E60D558BF8}.Debug|Any CPU.ActiveCfg = Debug|Any CPU
		{4397A808-54FF-1443-77ED-B1E60D558BF8}.Debug|Any CPU.Build.0 = Debug|Any CPU
		{4397A808-54FF-1443-77ED-B1E60D558BF8}.Release|Any CPU.ActiveCfg = Release|Any CPU
		{4397A808-54FF-1443-77ED-B1E60D558BF8}.Release|Any CPU.Build.0 = Release|Any CPU
		{7F7D01D7-B0C2-0FE2-FED0-7772FBDD68AF}.Debug|Any CPU.ActiveCfg = Debug|Any CPU
		{7F7D01D7-B0C2-0FE2-FED0-7772FBDD68AF}.Debug|Any CPU.Build.0 = Debug|Any CPU
		{7F7D01D7-B0C2-0FE2-FED0-7772FBDD68AF}.Release|Any CPU.ActiveCfg = Release|Any CPU
		{7F7D01D7-B0C2-0FE2-FED0-7772FBDD68AF}.Release|Any CPU.Build.0 = Release|Any CPU
		{D9814E27-0EDE-994C-B20E-968E92B89E2B}.Debug|Any CPU.ActiveCfg = Debug|Any CPU
		{D9814E27-0EDE-994C-B20E-968E92B89E2B}.Debug|Any CPU.Build.0 = Debug|Any CPU
		{D9814E27-0EDE-994C-B20E-968E92B89E2B}.Release|Any CPU.ActiveCfg = Release|Any CPU
		{D9814E27-0EDE-994C-B20E-968E92B89E2B}.Release|Any CPU.Build.0 = Release|Any CPU
		{F67BC045-F025-4CE5-8992-7CF805F9DA5F}.Debug|Any CPU.ActiveCfg = Debug|Any CPU
		{F67BC045-F025-4CE5-8992-7CF805F9DA5F}.Debug|Any CPU.Build.0 = Debug|Any CPU
		{F67BC045-F025-4CE5-8992-7CF805F9DA5F}.Release|Any CPU.ActiveCfg = Release|Any CPU
		{F67BC045-F025-4CE5-8992-7CF805F9DA5F}.Release|Any CPU.Build.0 = Release|Any CPU
		{B6073987-C504-99A3-997A-EC1397863AA8}.Debug|Any CPU.ActiveCfg = Debug|Any CPU
		{B6073987-C504-99A3-997A-EC1397863AA8}.Debug|Any CPU.Build.0 = Debug|Any CPU
		{B6073987-C504-99A3-997A-EC1397863AA8}.Release|Any CPU.ActiveCfg = Release|Any CPU
		{B6073987-C504-99A3-997A-EC1397863AA8}.Release|Any CPU.Build.0 = Release|Any CPU
		{42873137-B72E-0249-F4B3-E2EEE2A733D7}.Debug|Any CPU.ActiveCfg = Debug|Any CPU
		{42873137-B72E-0249-F4B3-E2EEE2A733D7}.Debug|Any CPU.Build.0 = Debug|Any CPU
		{42873137-B72E-0249-F4B3-E2EEE2A733D7}.Release|Any CPU.ActiveCfg = Release|Any CPU
		{42873137-B72E-0249-F4B3-E2EEE2A733D7}.Release|Any CPU.Build.0 = Release|Any CPU
		{300CBA05-8CA0-EFB4-E2A4-2E2EC1E0E27F}.Debug|Any CPU.ActiveCfg = Debug|Any CPU
		{300CBA05-8CA0-EFB4-E2A4-2E2EC1E0E27F}.Debug|Any CPU.Build.0 = Debug|Any CPU
		{300CBA05-8CA0-EFB4-E2A4-2E2EC1E0E27F}.Release|Any CPU.ActiveCfg = Release|Any CPU
		{300CBA05-8CA0-EFB4-E2A4-2E2EC1E0E27F}.Release|Any CPU.Build.0 = Release|Any CPU
		{E08448D8-13D6-A1E8-9D9E-8D8B2E0F7191}.Debug|Any CPU.ActiveCfg = Debug|Any CPU
		{E08448D8-13D6-A1E8-9D9E-8D8B2E0F7191}.Debug|Any CPU.Build.0 = Debug|Any CPU
		{E08448D8-13D6-A1E8-9D9E-8D8B2E0F7191}.Release|Any CPU.ActiveCfg = Release|Any CPU
		{E08448D8-13D6-A1E8-9D9E-8D8B2E0F7191}.Release|Any CPU.Build.0 = Release|Any CPU
		{E3137F52-42E0-255C-4576-FA96E268C6E9}.Debug|Any CPU.ActiveCfg = Debug|Any CPU
		{E3137F52-42E0-255C-4576-FA96E268C6E9}.Debug|Any CPU.Build.0 = Debug|Any CPU
		{E3137F52-42E0-255C-4576-FA96E268C6E9}.Release|Any CPU.ActiveCfg = Release|Any CPU
		{E3137F52-42E0-255C-4576-FA96E268C6E9}.Release|Any CPU.Build.0 = Release|Any CPU
		{4617A7C7-0CAE-A9A5-9B0B-4C93654497C7}.Debug|Any CPU.ActiveCfg = Debug|Any CPU
		{4617A7C7-0CAE-A9A5-9B0B-4C93654497C7}.Debug|Any CPU.Build.0 = Debug|Any CPU
		{4617A7C7-0CAE-A9A5-9B0B-4C93654497C7}.Release|Any CPU.ActiveCfg = Release|Any CPU
		{4617A7C7-0CAE-A9A5-9B0B-4C93654497C7}.Release|Any CPU.Build.0 = Release|Any CPU
		{AF51ED87-7A9C-4333-1B98-B5B31C71F6FA}.Debug|Any CPU.ActiveCfg = Debug|Any CPU
		{AF51ED87-7A9C-4333-1B98-B5B31C71F6FA}.Debug|Any CPU.Build.0 = Debug|Any CPU
		{AF51ED87-7A9C-4333-1B98-B5B31C71F6FA}.Release|Any CPU.ActiveCfg = Release|Any CPU
		{AF51ED87-7A9C-4333-1B98-B5B31C71F6FA}.Release|Any CPU.Build.0 = Release|Any CPU
		{F24B86A4-C198-FB26-9613-2B753FED1FF7}.Debug|Any CPU.ActiveCfg = Debug|Any CPU
		{F24B86A4-C198-FB26-9613-2B753FED1FF7}.Debug|Any CPU.Build.0 = Debug|Any CPU
		{F24B86A4-C198-FB26-9613-2B753FED1FF7}.Release|Any CPU.ActiveCfg = Release|Any CPU
		{F24B86A4-C198-FB26-9613-2B753FED1FF7}.Release|Any CPU.Build.0 = Release|Any CPU
	EndGlobalSection
	GlobalSection(SolutionProperties) = preSolution
		HideSolutionNode = FALSE
	EndGlobalSection
EndGlobal
