
Microsoft Visual Studio Solution File, Format Version 12.00
# Visual Studio 15
Project("{FAE04EC0-301F-11D3-BF4B-00C04F79EFBC}") = "UnityEngine.UI", "UnityEngine.UI.csproj", "{B07631A1-7698-D6F9-160C-F61BEF305E9D}"
EndProject
Project("{FAE04EC0-301F-11D3-BF4B-00C04F79EFBC}") = "UnityEngine.TestRunner", "UnityEngine.TestRunner.csproj", "{0553CBC5-4181-0436-F28B-8D50E5935D4E}"
EndProject
Project("{FAE04EC0-301F-11D3-BF4B-00C04F79EFBC}") = "Unity.Mathematics", "Unity.Mathematics.csproj", "{03F233BD-4AA8-65F7-E022-DFF311E2C416}"
EndProject
Project("{FAE04EC0-301F-11D3-BF4B-00C04F79EFBC}") = "Unity.2D.Animation.Triangle.Runtime", "Unity.2D.Animation.Triangle.Runtime.csproj", "{5FF7DDA3-F89A-1403-DD20-9486CE992528}"
EndProject
Project("{FAE04EC0-301F-11D3-BF4B-00C04F79EFBC}") = "Unity.Timeline", "Unity.Timeline.csproj", "{07AB3685-995C-D295-168D-46177EBB7382}"
EndProject
Project("{FAE04EC0-301F-11D3-BF4B-00C04F79EFBC}") = "Unity.TextMeshPro", "Unity.TextMeshPro.csproj", "{DCDB9ADA-8BDB-B49A-1152-963F1FC69226}"
EndProject
Project("{FAE04EC0-301F-11D3-BF4B-00C04F79EFBC}") = "Unity.2D.Animation.Runtime", "Unity.2D.Animation.Runtime.csproj", "{0806F332-E353-5458-4999-0462CE6D1B30}"
EndProject
Project("{FAE04EC0-301F-11D3-BF4B-00C04F79EFBC}") = "Assembly-CSharp-firstpass", "Assembly-CSharp-firstpass.csproj", "{5931658F-10F0-665E-B7C0-26BA7542DF0C}"
EndProject
Project("{FAE04EC0-301F-11D3-BF4B-00C04F79EFBC}") = "Unity.2D.IK.Runtime", "Unity.2D.IK.Runtime.csproj", "{9311DBF0-D4AE-5545-111D-BC9A223DC2E4}"
EndProject
Project("{FAE04EC0-301F-11D3-BF4B-00C04F79EFBC}") = "Unity.Notifications.Android", "Unity.Notifications.Android.csproj", "{D86827A6-A736-6186-C1EC-218544E3D665}"
EndProject
Project("{FAE04EC0-301F-11D3-BF4B-00C04F79EFBC}") = "Unity.2D.SpriteShape.Runtime", "Unity.2D.SpriteShape.Runtime.csproj", "{06630DD2-C2F7-B692-3EE1-603BC0DF6B81}"
EndProject
Project("{FAE04EC0-301F-11D3-BF4B-00C04F79EFBC}") = "Unity.Notifications.iOS", "Unity.Notifications.iOS.csproj", "{C4C44E3A-95E5-60E0-FF09-A9BB7A488795}"
EndProject
Project("{FAE04EC0-301F-11D3-BF4B-00C04F79EFBC}") = "Unity.2D.PixelPerfect", "Unity.2D.PixelPerfect.csproj", "{32CBC075-FB38-68B6-8980-6C525FA441E9}"
EndProject
Project("{FAE04EC0-301F-11D3-BF4B-00C04F79EFBC}") = "Assembly-CSharp", "Assembly-CSharp.csproj", "{E75D1B65-3E18-AAC9-24E7-931AE09DCB23}"
EndProject
Project("{FAE04EC0-301F-11D3-BF4B-00C04F79EFBC}") = "Unity.2D.Common.Runtime", "Unity.2D.Common.Runtime.csproj", "{BDE6F746-6AAD-2AA4-ADAB-80E851D84E17}"
EndProject
Project("{FAE04EC0-301F-11D3-BF4B-00C04F79EFBC}") = "Unity.InternalAPIEngineBridge.001", "Unity.InternalAPIEngineBridge.001.csproj", "{F352EBA0-D0FD-1269-0C27-F315A7B9A6A1}"
EndProject
Project("{FAE04EC0-301F-11D3-BF4B-00C04F79EFBC}") = "UnityEditor.TestRunner", "UnityEditor.TestRunner.csproj", "{7E039CCA-1B64-B6CE-1D6A-BAD994C638BE}"
EndProject
Project("{FAE04EC0-301F-11D3-BF4B-00C04F79EFBC}") = "Unity.PlasticSCM.Editor", "Unity.PlasticSCM.Editor.csproj", "{E710FDB8-E2B0-CADF-5816-A9A5F86AF399}"
EndProject
Project("{FAE04EC0-301F-11D3-BF4B-00C04F79EFBC}") = "UnityEditor.UI", "UnityEditor.UI.csproj", "{60E79FC5-7E53-3B90-E5C2-50C0B46A007D}"
EndProject
Project("{FAE04EC0-301F-11D3-BF4B-00C04F79EFBC}") = "Unity.Services.Core.Editor", "Unity.Services.Core.Editor.csproj", "{0C6BF5DE-089E-6430-C314-81616F643D0F}"
EndProject
Project("{FAE04EC0-301F-11D3-BF4B-00C04F79EFBC}") = "Unity.Timeline.Editor", "Unity.Timeline.Editor.csproj", "{180F425C-ACB4-50E7-62E4-0E71D31E702D}"
EndProject
Project("{FAE04EC0-301F-11D3-BF4B-00C04F79EFBC}") = "Unity.VisualStudio.Editor", "Unity.VisualStudio.Editor.csproj", "{F82AF1D4-1107-E631-863D-7750C03536E3}"
EndProject
Project("{FAE04EC0-301F-11D3-BF4B-00C04F79EFBC}") = "Unity.2D.Psdimporter.Editor", "Unity.2D.Psdimporter.Editor.csproj", "{681AF3A0-65B4-8268-21BB-F5DB41210E3B}"
EndProject
Project("{FAE04EC0-301F-11D3-BF4B-00C04F79EFBC}") = "Unity.2D.Animation.Editor", "Unity.2D.Animation.Editor.csproj", "{EA730FBC-0BF3-9A89-1000-D5EB0D2C6E5D}"
EndProject
Project("{FAE04EC0-301F-11D3-BF4B-00C04F79EFBC}") = "Unity.TextMeshPro.Editor", "Unity.TextMeshPro.Editor.csproj", "{A8AD1233-8B4C-4B20-DE54-79020E227A05}"
EndProject
Project("{FAE04EC0-301F-11D3-BF4B-00C04F79EFBC}") = "Unity.2D.SpriteShape.Editor", "Unity.2D.SpriteShape.Editor.csproj", "{CC826C53-8F14-80B4-ECCA-FCECDE410E4B}"
EndProject
Project("{FAE04EC0-301F-11D3-BF4B-00C04F79EFBC}") = "Unity.CollabProxy.Editor", "Unity.CollabProxy.Editor.csproj", "{065EE60C-CB30-36F2-1234-C2DF6D72ED15}"
EndProject
Project("{FAE04EC0-301F-11D3-BF4B-00C04F79EFBC}") = "PsdPlugin", "PsdPlugin.csproj", "{AD6640FA-D2F6-8EAC-496C-B10D7C94C12D}"
EndProject
Project("{FAE04EC0-301F-11D3-BF4B-00C04F79EFBC}") = "Unity.2D.Path.Editor", "Unity.2D.Path.Editor.csproj", "{EF18D707-FED9-372C-F674-F032F546A6A5}"
EndProject
Project("{FAE04EC0-301F-11D3-BF4B-00C04F79EFBC}") = "Unity.Mobile.AndroidLogcat.Editor", "Unity.Mobile.AndroidLogcat.Editor.csproj", "{7FD56203-15A4-E9ED-FB64-FAE26C28CDE3}"
EndProject
Project("{FAE04EC0-301F-11D3-BF4B-00C04F79EFBC}") = "Unity.Rider.Editor", "Unity.Rider.Editor.csproj", "{AFB209A1-C44D-1AB5-2860-8A0D4D08F0CC}"
EndProject
Project("{FAE04EC0-301F-11D3-BF4B-00C04F79EFBC}") = "Unity.DeviceSimulator.Editor", "Unity.DeviceSimulator.Editor.csproj", "{71B994AD-0CC2-E5AB-8E0C-E049E05305C1}"
EndProject
Project("{FAE04EC0-301F-11D3-BF4B-00C04F79EFBC}") = "Unity.2D.IK.Editor", "Unity.2D.IK.Editor.csproj", "{7857AA53-3326-E2F4-3D01-8CAD37662CC3}"
EndProject
Project("{FAE04EC0-301F-11D3-BF4B-00C04F79EFBC}") = "Unity.2D.Sprite.Editor", "Unity.2D.Sprite.Editor.csproj", "{D9F66F41-E8D2-73EA-4540-F269EB4147C5}"
EndProject
Project("{FAE04EC0-301F-11D3-BF4B-00C04F79EFBC}") = "Unity.2D.Tilemap.Editor", "Unity.2D.Tilemap.Editor.csproj", "{F814C6A8-5A99-397B-E9BE-7A3680A52DCA}"
EndProject
Project("{FAE04EC0-301F-11D3-BF4B-00C04F79EFBC}") = "Unity.2D.PixelPerfect.Editor", "Unity.2D.PixelPerfect.Editor.csproj", "{EAA80BA0-3093-4D09-86BE-951C7B74BDE9}"
EndProject
Project("{FAE04EC0-301F-11D3-BF4B-00C04F79EFBC}") = "Unity.VSCode.Editor", "Unity.VSCode.Editor.csproj", "{6D50C60A-3185-B9D6-354A-1B1B20820A88}"
EndProject
Project("{FAE04EC0-301F-11D3-BF4B-00C04F79EFBC}") = "Unity.Notifications", "Unity.Notifications.csproj", "{C7FE41A0-FC13-F165-063D-A5A02DB20B52}"
EndProject
Project("{FAE04EC0-301F-11D3-BF4B-00C04F79EFBC}") = "Unity.2D.Common.Editor", "Unity.2D.Common.Editor.csproj", "{642492D1-7CC1-EB0F-8A5C-39800804EECB}"
EndProject
Project("{FAE04EC0-301F-11D3-BF4B-00C04F79EFBC}") = "Unity.Mathematics.Editor", "Unity.Mathematics.Editor.csproj", "{1AE0044D-39CD-ED72-AF96-6CBAC61414D5}"
EndProject
Project("{FAE04EC0-301F-11D3-BF4B-00C04F79EFBC}") = "Assembly-CSharp-Editor-firstpass", "Assembly-CSharp-Editor-firstpass.csproj", "{57147350-EBFC-E2B4-5AE6-FF38C887F8BA}"
EndProject
Project("{FAE04EC0-301F-11D3-BF4B-00C04F79EFBC}") = "Unity.InternalAPIEditorBridge.001", "Unity.InternalAPIEditorBridge.001.csproj", "{D09F9269-3656-099E-5431-21DF6AE2537F}"
EndProject
Project("{FAE04EC0-301F-11D3-BF4B-00C04F79EFBC}") = "UnityEngine.UI", "UnityEngine.UI.Player.csproj", "{6AB34E96-A8A0-5EDB-0963-2ED828519AE9}"
EndProject
Project("{FAE04EC0-301F-11D3-BF4B-00C04F79EFBC}") = "UnityEngine.TestRunner", "UnityEngine.TestRunner.Player.csproj", "{88EECD24-F71D-2ADD-1C63-D9EB2ED1F412}"
EndProject
Project("{FAE04EC0-301F-11D3-BF4B-00C04F79EFBC}") = "Unity.Mathematics", "Unity.Mathematics.Player.csproj", "{1EAB22BD-2A86-ABB4-8045-3A4D394E3B7D}"
EndProject
Project("{FAE04EC0-301F-11D3-BF4B-00C04F79EFBC}") = "Unity.2D.Animation.Triangle.Runtime", "Unity.2D.Animation.Triangle.Runtime.Player.csproj", "{B99DACBF-9DEA-099D-34F1-9E970DB3C785}"
EndProject
Project("{FAE04EC0-301F-11D3-BF4B-00C04F79EFBC}") = "Unity.Timeline", "Unity.Timeline.Player.csproj", "{0272FAFB-A6B9-6A1A-D147-43B5C51F9516}"
EndProject
Project("{FAE04EC0-301F-11D3-BF4B-00C04F79EFBC}") = "Unity.TextMeshPro", "Unity.TextMeshPro.Player.csproj", "{25AE5ED1-EDBE-82AA-DE74-2E74EB230BE8}"
EndProject
Project("{FAE04EC0-301F-11D3-BF4B-00C04F79EFBC}") = "Unity.2D.Animation.Runtime", "Unity.2D.Animation.Runtime.Player.csproj", "{C3F30275-E92C-BD2A-E432-70DF4DCE5802}"
EndProject
Project("{FAE04EC0-301F-11D3-BF4B-00C04F79EFBC}") = "Assembly-CSharp-firstpass", "Assembly-CSharp-firstpass.Player.csproj", "{0654D261-68E4-4E78-AC10-061988426894}"
EndProject
Project("{FAE04EC0-301F-11D3-BF4B-00C04F79EFBC}") = "Unity.2D.IK.Runtime", "Unity.2D.IK.Runtime.Player.csproj", "{0C8B4638-4CD9-83A2-E3C2-1F54640C07B2}"
EndProject
Project("{FAE04EC0-301F-11D3-BF4B-00C04F79EFBC}") = "Unity.2D.SpriteShape.Runtime", "Unity.2D.SpriteShape.Runtime.Player.csproj", "{2F44C8A2-B636-FC18-E1B6-FE565CFC753A}"
EndProject
Project("{FAE04EC0-301F-11D3-BF4B-00C04F79EFBC}") = "Unity.2D.PixelPerfect", "Unity.2D.PixelPerfect.Player.csproj", "{8A10FCBD-A975-FFCA-187C-8DAE253C6237}"
EndProject
Project("{FAE04EC0-301F-11D3-BF4B-00C04F79EFBC}") = "Assembly-CSharp", "Assembly-CSharp.Player.csproj", "{07C5A8AB-57FA-2738-0995-10AECA8A377F}"
EndProject
Project("{FAE04EC0-301F-11D3-BF4B-00C04F79EFBC}") = "Unity.2D.Common.Runtime", "Unity.2D.Common.Runtime.Player.csproj", "{7B8C3B31-8816-82C5-A440-FA5F6176A8BE}"
EndProject
Project("{FAE04EC0-301F-11D3-BF4B-00C04F79EFBC}") = "Unity.InternalAPIEngineBridge.001", "Unity.InternalAPIEngineBridge.001.Player.csproj", "{0F63A3F3-0F33-14C9-8E6B-211229D5DA29}"
EndProject
Global
	GlobalSection(SolutionConfigurationPlatforms) = preSolution
		Debug|Any CPU = Debug|Any CPU
		Release|Any CPU = Release|Any CPU
	EndGlobalSection
	GlobalSection(ProjectConfigurationPlatforms) = postSolution
		{B07631A1-7698-D6F9-160C-F61BEF305E9D}.Debug|Any CPU.ActiveCfg = Debug|Any CPU
		{B07631A1-7698-D6F9-160C-F61BEF305E9D}.Debug|Any CPU.Build.0 = Debug|Any CPU
		{B07631A1-7698-D6F9-160C-F61BEF305E9D}.Release|Any CPU.ActiveCfg = Release|Any CPU
		{B07631A1-7698-D6F9-160C-F61BEF305E9D}.Release|Any CPU.Build.0 = Release|Any CPU
		{0553CBC5-4181-0436-F28B-8D50E5935D4E}.Debug|Any CPU.ActiveCfg = Debug|Any CPU
		{0553CBC5-4181-0436-F28B-8D50E5935D4E}.Debug|Any CPU.Build.0 = Debug|Any CPU
		{0553CBC5-4181-0436-F28B-8D50E5935D4E}.Release|Any CPU.ActiveCfg = Release|Any CPU
		{0553CBC5-4181-0436-F28B-8D50E5935D4E}.Release|Any CPU.Build.0 = Release|Any CPU
		{03F233BD-4AA8-65F7-E022-DFF311E2C416}.Debug|Any CPU.ActiveCfg = Debug|Any CPU
		{03F233BD-4AA8-65F7-E022-DFF311E2C416}.Debug|Any CPU.Build.0 = Debug|Any CPU
		{03F233BD-4AA8-65F7-E022-DFF311E2C416}.Release|Any CPU.ActiveCfg = Release|Any CPU
		{03F233BD-4AA8-65F7-E022-DFF311E2C416}.Release|Any CPU.Build.0 = Release|Any CPU
		{5FF7DDA3-F89A-1403-DD20-9486CE992528}.Debug|Any CPU.ActiveCfg = Debug|Any CPU
		{5FF7DDA3-F89A-1403-DD20-9486CE992528}.Debug|Any CPU.Build.0 = Debug|Any CPU
		{5FF7DDA3-F89A-1403-DD20-9486CE992528}.Release|Any CPU.ActiveCfg = Release|Any CPU
		{5FF7DDA3-F89A-1403-DD20-9486CE992528}.Release|Any CPU.Build.0 = Release|Any CPU
		{07AB3685-995C-D295-168D-46177EBB7382}.Debug|Any CPU.ActiveCfg = Debug|Any CPU
		{07AB3685-995C-D295-168D-46177EBB7382}.Debug|Any CPU.Build.0 = Debug|Any CPU
		{07AB3685-995C-D295-168D-46177EBB7382}.Release|Any CPU.ActiveCfg = Release|Any CPU
		{07AB3685-995C-D295-168D-46177EBB7382}.Release|Any CPU.Build.0 = Release|Any CPU
		{DCDB9ADA-8BDB-B49A-1152-963F1FC69226}.Debug|Any CPU.ActiveCfg = Debug|Any CPU
		{DCDB9ADA-8BDB-B49A-1152-963F1FC69226}.Debug|Any CPU.Build.0 = Debug|Any CPU
		{DCDB9ADA-8BDB-B49A-1152-963F1FC69226}.Release|Any CPU.ActiveCfg = Release|Any CPU
		{DCDB9ADA-8BDB-B49A-1152-963F1FC69226}.Release|Any CPU.Build.0 = Release|Any CPU
		{0806F332-E353-5458-4999-0462CE6D1B30}.Debug|Any CPU.ActiveCfg = Debug|Any CPU
		{0806F332-E353-5458-4999-0462CE6D1B30}.Debug|Any CPU.Build.0 = Debug|Any CPU
		{0806F332-E353-5458-4999-0462CE6D1B30}.Release|Any CPU.ActiveCfg = Release|Any CPU
		{0806F332-E353-5458-4999-0462CE6D1B30}.Release|Any CPU.Build.0 = Release|Any CPU
		{5931658F-10F0-665E-B7C0-26BA7542DF0C}.Debug|Any CPU.ActiveCfg = Debug|Any CPU
		{5931658F-10F0-665E-B7C0-26BA7542DF0C}.Debug|Any CPU.Build.0 = Debug|Any CPU
		{5931658F-10F0-665E-B7C0-26BA7542DF0C}.Release|Any CPU.ActiveCfg = Release|Any CPU
		{5931658F-10F0-665E-B7C0-26BA7542DF0C}.Release|Any CPU.Build.0 = Release|Any CPU
		{9311DBF0-D4AE-5545-111D-BC9A223DC2E4}.Debug|Any CPU.ActiveCfg = Debug|Any CPU
		{9311DBF0-D4AE-5545-111D-BC9A223DC2E4}.Debug|Any CPU.Build.0 = Debug|Any CPU
		{9311DBF0-D4AE-5545-111D-BC9A223DC2E4}.Release|Any CPU.ActiveCfg = Release|Any CPU
		{9311DBF0-D4AE-5545-111D-BC9A223DC2E4}.Release|Any CPU.Build.0 = Release|Any CPU
		{D86827A6-A736-6186-C1EC-218544E3D665}.Debug|Any CPU.ActiveCfg = Debug|Any CPU
		{D86827A6-A736-6186-C1EC-218544E3D665}.Debug|Any CPU.Build.0 = Debug|Any CPU
		{D86827A6-A736-6186-C1EC-218544E3D665}.Release|Any CPU.ActiveCfg = Release|Any CPU
		{D86827A6-A736-6186-C1EC-218544E3D665}.Release|Any CPU.Build.0 = Release|Any CPU
		{06630DD2-C2F7-B692-3EE1-603BC0DF6B81}.Debug|Any CPU.ActiveCfg = Debug|Any CPU
		{06630DD2-C2F7-B692-3EE1-603BC0DF6B81}.Debug|Any CPU.Build.0 = Debug|Any CPU
		{06630DD2-C2F7-B692-3EE1-603BC0DF6B81}.Release|Any CPU.ActiveCfg = Release|Any CPU
		{06630DD2-C2F7-B692-3EE1-603BC0DF6B81}.Release|Any CPU.Build.0 = Release|Any CPU
		{C4C44E3A-95E5-60E0-FF09-A9BB7A488795}.Debug|Any CPU.ActiveCfg = Debug|Any CPU
		{C4C44E3A-95E5-60E0-FF09-A9BB7A488795}.Debug|Any CPU.Build.0 = Debug|Any CPU
		{C4C44E3A-95E5-60E0-FF09-A9BB7A488795}.Release|Any CPU.ActiveCfg = Release|Any CPU
		{C4C44E3A-95E5-60E0-FF09-A9BB7A488795}.Release|Any CPU.Build.0 = Release|Any CPU
		{32CBC075-FB38-68B6-8980-6C525FA441E9}.Debug|Any CPU.ActiveCfg = Debug|Any CPU
		{32CBC075-FB38-68B6-8980-6C525FA441E9}.Debug|Any CPU.Build.0 = Debug|Any CPU
		{32CBC075-FB38-68B6-8980-6C525FA441E9}.Release|Any CPU.ActiveCfg = Release|Any CPU
		{32CBC075-FB38-68B6-8980-6C525FA441E9}.Release|Any CPU.Build.0 = Release|Any CPU
		{E75D1B65-3E18-AAC9-24E7-931AE09DCB23}.Debug|Any CPU.ActiveCfg = Debug|Any CPU
		{E75D1B65-3E18-AAC9-24E7-931AE09DCB23}.Debug|Any CPU.Build.0 = Debug|Any CPU
		{E75D1B65-3E18-AAC9-24E7-931AE09DCB23}.Release|Any CPU.ActiveCfg = Release|Any CPU
		{E75D1B65-3E18-AAC9-24E7-931AE09DCB23}.Release|Any CPU.Build.0 = Release|Any CPU
		{BDE6F746-6AAD-2AA4-ADAB-80E851D84E17}.Debug|Any CPU.ActiveCfg = Debug|Any CPU
		{BDE6F746-6AAD-2AA4-ADAB-80E851D84E17}.Debug|Any CPU.Build.0 = Debug|Any CPU
		{BDE6F746-6AAD-2AA4-ADAB-80E851D84E17}.Release|Any CPU.ActiveCfg = Release|Any CPU
		{BDE6F746-6AAD-2AA4-ADAB-80E851D84E17}.Release|Any CPU.Build.0 = Release|Any CPU
		{F352EBA0-D0FD-1269-0C27-F315A7B9A6A1}.Debug|Any CPU.ActiveCfg = Debug|Any CPU
		{F352EBA0-D0FD-1269-0C27-F315A7B9A6A1}.Debug|Any CPU.Build.0 = Debug|Any CPU
		{F352EBA0-D0FD-1269-0C27-F315A7B9A6A1}.Release|Any CPU.ActiveCfg = Release|Any CPU
		{F352EBA0-D0FD-1269-0C27-F315A7B9A6A1}.Release|Any CPU.Build.0 = Release|Any CPU
		{7E039CCA-1B64-B6CE-1D6A-BAD994C638BE}.Debug|Any CPU.ActiveCfg = Debug|Any CPU
		{7E039CCA-1B64-B6CE-1D6A-BAD994C638BE}.Debug|Any CPU.Build.0 = Debug|Any CPU
		{7E039CCA-1B64-B6CE-1D6A-BAD994C638BE}.Release|Any CPU.ActiveCfg = Release|Any CPU
		{7E039CCA-1B64-B6CE-1D6A-BAD994C638BE}.Release|Any CPU.Build.0 = Release|Any CPU
		{E710FDB8-E2B0-CADF-5816-A9A5F86AF399}.Debug|Any CPU.ActiveCfg = Debug|Any CPU
		{E710FDB8-E2B0-CADF-5816-A9A5F86AF399}.Debug|Any CPU.Build.0 = Debug|Any CPU
		{E710FDB8-E2B0-CADF-5816-A9A5F86AF399}.Release|Any CPU.ActiveCfg = Release|Any CPU
		{E710FDB8-E2B0-CADF-5816-A9A5F86AF399}.Release|Any CPU.Build.0 = Release|Any CPU
		{60E79FC5-7E53-3B90-E5C2-50C0B46A007D}.Debug|Any CPU.ActiveCfg = Debug|Any CPU
		{60E79FC5-7E53-3B90-E5C2-50C0B46A007D}.Debug|Any CPU.Build.0 = Debug|Any CPU
		{60E79FC5-7E53-3B90-E5C2-50C0B46A007D}.Release|Any CPU.ActiveCfg = Release|Any CPU
		{60E79FC5-7E53-3B90-E5C2-50C0B46A007D}.Release|Any CPU.Build.0 = Release|Any CPU
		{0C6BF5DE-089E-6430-C314-81616F643D0F}.Debug|Any CPU.ActiveCfg = Debug|Any CPU
		{0C6BF5DE-089E-6430-C314-81616F643D0F}.Debug|Any CPU.Build.0 = Debug|Any CPU
		{0C6BF5DE-089E-6430-C314-81616F643D0F}.Release|Any CPU.ActiveCfg = Release|Any CPU
		{0C6BF5DE-089E-6430-C314-81616F643D0F}.Release|Any CPU.Build.0 = Release|Any CPU
		{180F425C-ACB4-50E7-62E4-0E71D31E702D}.Debug|Any CPU.ActiveCfg = Debug|Any CPU
		{180F425C-ACB4-50E7-62E4-0E71D31E702D}.Debug|Any CPU.Build.0 = Debug|Any CPU
		{180F425C-ACB4-50E7-62E4-0E71D31E702D}.Release|Any CPU.ActiveCfg = Release|Any CPU
		{180F425C-ACB4-50E7-62E4-0E71D31E702D}.Release|Any CPU.Build.0 = Release|Any CPU
		{F82AF1D4-1107-E631-863D-7750C03536E3}.Debug|Any CPU.ActiveCfg = Debug|Any CPU
		{F82AF1D4-1107-E631-863D-7750C03536E3}.Debug|Any CPU.Build.0 = Debug|Any CPU
		{F82AF1D4-1107-E631-863D-7750C03536E3}.Release|Any CPU.ActiveCfg = Release|Any CPU
		{F82AF1D4-1107-E631-863D-7750C03536E3}.Release|Any CPU.Build.0 = Release|Any CPU
		{681AF3A0-65B4-8268-21BB-F5DB41210E3B}.Debug|Any CPU.ActiveCfg = Debug|Any CPU
		{681AF3A0-65B4-8268-21BB-F5DB41210E3B}.Debug|Any CPU.Build.0 = Debug|Any CPU
		{681AF3A0-65B4-8268-21BB-F5DB41210E3B}.Release|Any CPU.ActiveCfg = Release|Any CPU
		{681AF3A0-65B4-8268-21BB-F5DB41210E3B}.Release|Any CPU.Build.0 = Release|Any CPU
		{EA730FBC-0BF3-9A89-1000-D5EB0D2C6E5D}.Debug|Any CPU.ActiveCfg = Debug|Any CPU
		{EA730FBC-0BF3-9A89-1000-D5EB0D2C6E5D}.Debug|Any CPU.Build.0 = Debug|Any CPU
		{EA730FBC-0BF3-9A89-1000-D5EB0D2C6E5D}.Release|Any CPU.ActiveCfg = Release|Any CPU
		{EA730FBC-0BF3-9A89-1000-D5EB0D2C6E5D}.Release|Any CPU.Build.0 = Release|Any CPU
		{A8AD1233-8B4C-4B20-DE54-79020E227A05}.Debug|Any CPU.ActiveCfg = Debug|Any CPU
		{A8AD1233-8B4C-4B20-DE54-79020E227A05}.Debug|Any CPU.Build.0 = Debug|Any CPU
		{A8AD1233-8B4C-4B20-DE54-79020E227A05}.Release|Any CPU.ActiveCfg = Release|Any CPU
		{A8AD1233-8B4C-4B20-DE54-79020E227A05}.Release|Any CPU.Build.0 = Release|Any CPU
		{CC826C53-8F14-80B4-ECCA-FCECDE410E4B}.Debug|Any CPU.ActiveCfg = Debug|Any CPU
		{CC826C53-8F14-80B4-ECCA-FCECDE410E4B}.Debug|Any CPU.Build.0 = Debug|Any CPU
		{CC826C53-8F14-80B4-ECCA-FCECDE410E4B}.Release|Any CPU.ActiveCfg = Release|Any CPU
		{CC826C53-8F14-80B4-ECCA-FCECDE410E4B}.Release|Any CPU.Build.0 = Release|Any CPU
		{065EE60C-CB30-36F2-1234-C2DF6D72ED15}.Debug|Any CPU.ActiveCfg = Debug|Any CPU
		{065EE60C-CB30-36F2-1234-C2DF6D72ED15}.Debug|Any CPU.Build.0 = Debug|Any CPU
		{065EE60C-CB30-36F2-1234-C2DF6D72ED15}.Release|Any CPU.ActiveCfg = Release|Any CPU
		{065EE60C-CB30-36F2-1234-C2DF6D72ED15}.Release|Any CPU.Build.0 = Release|Any CPU
		{AD6640FA-D2F6-8EAC-496C-B10D7C94C12D}.Debug|Any CPU.ActiveCfg = Debug|Any CPU
		{AD6640FA-D2F6-8EAC-496C-B10D7C94C12D}.Debug|Any CPU.Build.0 = Debug|Any CPU
		{AD6640FA-D2F6-8EAC-496C-B10D7C94C12D}.Release|Any CPU.ActiveCfg = Release|Any CPU
		{AD6640FA-D2F6-8EAC-496C-B10D7C94C12D}.Release|Any CPU.Build.0 = Release|Any CPU
		{EF18D707-FED9-372C-F674-F032F546A6A5}.Debug|Any CPU.ActiveCfg = Debug|Any CPU
		{EF18D707-FED9-372C-F674-F032F546A6A5}.Debug|Any CPU.Build.0 = Debug|Any CPU
		{EF18D707-FED9-372C-F674-F032F546A6A5}.Release|Any CPU.ActiveCfg = Release|Any CPU
		{EF18D707-FED9-372C-F674-F032F546A6A5}.Release|Any CPU.Build.0 = Release|Any CPU
		{7FD56203-15A4-E9ED-FB64-FAE26C28CDE3}.Debug|Any CPU.ActiveCfg = Debug|Any CPU
		{7FD56203-15A4-E9ED-FB64-FAE26C28CDE3}.Debug|Any CPU.Build.0 = Debug|Any CPU
		{7FD56203-15A4-E9ED-FB64-FAE26C28CDE3}.Release|Any CPU.ActiveCfg = Release|Any CPU
		{7FD56203-15A4-E9ED-FB64-FAE26C28CDE3}.Release|Any CPU.Build.0 = Release|Any CPU
		{AFB209A1-C44D-1AB5-2860-8A0D4D08F0CC}.Debug|Any CPU.ActiveCfg = Debug|Any CPU
		{AFB209A1-C44D-1AB5-2860-8A0D4D08F0CC}.Debug|Any CPU.Build.0 = Debug|Any CPU
		{AFB209A1-C44D-1AB5-2860-8A0D4D08F0CC}.Release|Any CPU.ActiveCfg = Release|Any CPU
		{AFB209A1-C44D-1AB5-2860-8A0D4D08F0CC}.Release|Any CPU.Build.0 = Release|Any CPU
		{71B994AD-0CC2-E5AB-8E0C-E049E05305C1}.Debug|Any CPU.ActiveCfg = Debug|Any CPU
		{71B994AD-0CC2-E5AB-8E0C-E049E05305C1}.Debug|Any CPU.Build.0 = Debug|Any CPU
		{71B994AD-0CC2-E5AB-8E0C-E049E05305C1}.Release|Any CPU.ActiveCfg = Release|Any CPU
		{71B994AD-0CC2-E5AB-8E0C-E049E05305C1}.Release|Any CPU.Build.0 = Release|Any CPU
		{7857AA53-3326-E2F4-3D01-8CAD37662CC3}.Debug|Any CPU.ActiveCfg = Debug|Any CPU
		{7857AA53-3326-E2F4-3D01-8CAD37662CC3}.Debug|Any CPU.Build.0 = Debug|Any CPU
		{7857AA53-3326-E2F4-3D01-8CAD37662CC3}.Release|Any CPU.ActiveCfg = Release|Any CPU
		{7857AA53-3326-E2F4-3D01-8CAD37662CC3}.Release|Any CPU.Build.0 = Release|Any CPU
		{D9F66F41-E8D2-73EA-4540-F269EB4147C5}.Debug|Any CPU.ActiveCfg = Debug|Any CPU
		{D9F66F41-E8D2-73EA-4540-F269EB4147C5}.Debug|Any CPU.Build.0 = Debug|Any CPU
		{D9F66F41-E8D2-73EA-4540-F269EB4147C5}.Release|Any CPU.ActiveCfg = Release|Any CPU
		{D9F66F41-E8D2-73EA-4540-F269EB4147C5}.Release|Any CPU.Build.0 = Release|Any CPU
		{F814C6A8-5A99-397B-E9BE-7A3680A52DCA}.Debug|Any CPU.ActiveCfg = Debug|Any CPU
		{F814C6A8-5A99-397B-E9BE-7A3680A52DCA}.Debug|Any CPU.Build.0 = Debug|Any CPU
		{F814C6A8-5A99-397B-E9BE-7A3680A52DCA}.Release|Any CPU.ActiveCfg = Release|Any CPU
		{F814C6A8-5A99-397B-E9BE-7A3680A52DCA}.Release|Any CPU.Build.0 = Release|Any CPU
		{EAA80BA0-3093-4D09-86BE-951C7B74BDE9}.Debug|Any CPU.ActiveCfg = Debug|Any CPU
		{EAA80BA0-3093-4D09-86BE-951C7B74BDE9}.Debug|Any CPU.Build.0 = Debug|Any CPU
		{EAA80BA0-3093-4D09-86BE-951C7B74BDE9}.Release|Any CPU.ActiveCfg = Release|Any CPU
		{EAA80BA0-3093-4D09-86BE-951C7B74BDE9}.Release|Any CPU.Build.0 = Release|Any CPU
		{6D50C60A-3185-B9D6-354A-1B1B20820A88}.Debug|Any CPU.ActiveCfg = Debug|Any CPU
		{6D50C60A-3185-B9D6-354A-1B1B20820A88}.Debug|Any CPU.Build.0 = Debug|Any CPU
		{6D50C60A-3185-B9D6-354A-1B1B20820A88}.Release|Any CPU.ActiveCfg = Release|Any CPU
		{6D50C60A-3185-B9D6-354A-1B1B20820A88}.Release|Any CPU.Build.0 = Release|Any CPU
		{C7FE41A0-FC13-F165-063D-A5A02DB20B52}.Debug|Any CPU.ActiveCfg = Debug|Any CPU
		{C7FE41A0-FC13-F165-063D-A5A02DB20B52}.Debug|Any CPU.Build.0 = Debug|Any CPU
		{C7FE41A0-FC13-F165-063D-A5A02DB20B52}.Release|Any CPU.ActiveCfg = Release|Any CPU
		{C7FE41A0-FC13-F165-063D-A5A02DB20B52}.Release|Any CPU.Build.0 = Release|Any CPU
		{642492D1-7CC1-EB0F-8A5C-39800804EECB}.Debug|Any CPU.ActiveCfg = Debug|Any CPU
		{642492D1-7CC1-EB0F-8A5C-39800804EECB}.Debug|Any CPU.Build.0 = Debug|Any CPU
		{642492D1-7CC1-EB0F-8A5C-39800804EECB}.Release|Any CPU.ActiveCfg = Release|Any CPU
		{642492D1-7CC1-EB0F-8A5C-39800804EECB}.Release|Any CPU.Build.0 = Release|Any CPU
		{1AE0044D-39CD-ED72-AF96-6CBAC61414D5}.Debug|Any CPU.ActiveCfg = Debug|Any CPU
		{1AE0044D-39CD-ED72-AF96-6CBAC61414D5}.Debug|Any CPU.Build.0 = Debug|Any CPU
		{1AE0044D-39CD-ED72-AF96-6CBAC61414D5}.Release|Any CPU.ActiveCfg = Release|Any CPU
		{1AE0044D-39CD-ED72-AF96-6CBAC61414D5}.Release|Any CPU.Build.0 = Release|Any CPU
		{57147350-EBFC-E2B4-5AE6-FF38C887F8BA}.Debug|Any CPU.ActiveCfg = Debug|Any CPU
		{57147350-EBFC-E2B4-5AE6-FF38C887F8BA}.Debug|Any CPU.Build.0 = Debug|Any CPU
		{57147350-EBFC-E2B4-5AE6-FF38C887F8BA}.Release|Any CPU.ActiveCfg = Release|Any CPU
		{57147350-EBFC-E2B4-5AE6-FF38C887F8BA}.Release|Any CPU.Build.0 = Release|Any CPU
		{D09F9269-3656-099E-5431-21DF6AE2537F}.Debug|Any CPU.ActiveCfg = Debug|Any CPU
		{D09F9269-3656-099E-5431-21DF6AE2537F}.Debug|Any CPU.Build.0 = Debug|Any CPU
		{D09F9269-3656-099E-5431-21DF6AE2537F}.Release|Any CPU.ActiveCfg = Release|Any CPU
		{D09F9269-3656-099E-5431-21DF6AE2537F}.Release|Any CPU.Build.0 = Release|Any CPU
		{6AB34E96-A8A0-5EDB-0963-2ED828519AE9}.Debug|Any CPU.ActiveCfg = Debug|Any CPU
		{6AB34E96-A8A0-5EDB-0963-2ED828519AE9}.Debug|Any CPU.Build.0 = Debug|Any CPU
		{6AB34E96-A8A0-5EDB-0963-2ED828519AE9}.Release|Any CPU.ActiveCfg = Release|Any CPU
		{6AB34E96-A8A0-5EDB-0963-2ED828519AE9}.Release|Any CPU.Build.0 = Release|Any CPU
		{88EECD24-F71D-2ADD-1C63-D9EB2ED1F412}.Debug|Any CPU.ActiveCfg = Debug|Any CPU
		{88EECD24-F71D-2ADD-1C63-D9EB2ED1F412}.Debug|Any CPU.Build.0 = Debug|Any CPU
		{88EECD24-F71D-2ADD-1C63-D9EB2ED1F412}.Release|Any CPU.ActiveCfg = Release|Any CPU
		{88EECD24-F71D-2ADD-1C63-D9EB2ED1F412}.Release|Any CPU.Build.0 = Release|Any CPU
		{1EAB22BD-2A86-ABB4-8045-3A4D394E3B7D}.Debug|Any CPU.ActiveCfg = Debug|Any CPU
		{1EAB22BD-2A86-ABB4-8045-3A4D394E3B7D}.Debug|Any CPU.Build.0 = Debug|Any CPU
		{1EAB22BD-2A86-ABB4-8045-3A4D394E3B7D}.Release|Any CPU.ActiveCfg = Release|Any CPU
		{1EAB22BD-2A86-ABB4-8045-3A4D394E3B7D}.Release|Any CPU.Build.0 = Release|Any CPU
		{B99DACBF-9DEA-099D-34F1-9E970DB3C785}.Debug|Any CPU.ActiveCfg = Debug|Any CPU
		{B99DACBF-9DEA-099D-34F1-9E970DB3C785}.Debug|Any CPU.Build.0 = Debug|Any CPU
		{B99DACBF-9DEA-099D-34F1-9E970DB3C785}.Release|Any CPU.ActiveCfg = Release|Any CPU
		{B99DACBF-9DEA-099D-34F1-9E970DB3C785}.Release|Any CPU.Build.0 = Release|Any CPU
		{0272FAFB-A6B9-6A1A-D147-43B5C51F9516}.Debug|Any CPU.ActiveCfg = Debug|Any CPU
		{0272FAFB-A6B9-6A1A-D147-43B5C51F9516}.Debug|Any CPU.Build.0 = Debug|Any CPU
		{0272FAFB-A6B9-6A1A-D147-43B5C51F9516}.Release|Any CPU.ActiveCfg = Release|Any CPU
		{0272FAFB-A6B9-6A1A-D147-43B5C51F9516}.Release|Any CPU.Build.0 = Release|Any CPU
		{25AE5ED1-EDBE-82AA-DE74-2E74EB230BE8}.Debug|Any CPU.ActiveCfg = Debug|Any CPU
		{25AE5ED1-EDBE-82AA-DE74-2E74EB230BE8}.Debug|Any CPU.Build.0 = Debug|Any CPU
		{25AE5ED1-EDBE-82AA-DE74-2E74EB230BE8}.Release|Any CPU.ActiveCfg = Release|Any CPU
		{25AE5ED1-EDBE-82AA-DE74-2E74EB230BE8}.Release|Any CPU.Build.0 = Release|Any CPU
		{C3F30275-E92C-BD2A-E432-70DF4DCE5802}.Debug|Any CPU.ActiveCfg = Debug|Any CPU
		{C3F30275-E92C-BD2A-E432-70DF4DCE5802}.Debug|Any CPU.Build.0 = Debug|Any CPU
		{C3F30275-E92C-BD2A-E432-70DF4DCE5802}.Release|Any CPU.ActiveCfg = Release|Any CPU
		{C3F30275-E92C-BD2A-E432-70DF4DCE5802}.Release|Any CPU.Build.0 = Release|Any CPU
		{0654D261-68E4-4E78-AC10-061988426894}.Debug|Any CPU.ActiveCfg = Debug|Any CPU
		{0654D261-68E4-4E78-AC10-061988426894}.Debug|Any CPU.Build.0 = Debug|Any CPU
		{0654D261-68E4-4E78-AC10-061988426894}.Release|Any CPU.ActiveCfg = Release|Any CPU
		{0654D261-68E4-4E78-AC10-061988426894}.Release|Any CPU.Build.0 = Release|Any CPU
		{0C8B4638-4CD9-83A2-E3C2-1F54640C07B2}.Debug|Any CPU.ActiveCfg = Debug|Any CPU
		{0C8B4638-4CD9-83A2-E3C2-1F54640C07B2}.Debug|Any CPU.Build.0 = Debug|Any CPU
		{0C8B4638-4CD9-83A2-E3C2-1F54640C07B2}.Release|Any CPU.ActiveCfg = Release|Any CPU
		{0C8B4638-4CD9-83A2-E3C2-1F54640C07B2}.Release|Any CPU.Build.0 = Release|Any CPU
		{2F44C8A2-B636-FC18-E1B6-FE565CFC753A}.Debug|Any CPU.ActiveCfg = Debug|Any CPU
		{2F44C8A2-B636-FC18-E1B6-FE565CFC753A}.Debug|Any CPU.Build.0 = Debug|Any CPU
		{2F44C8A2-B636-FC18-E1B6-FE565CFC753A}.Release|Any CPU.ActiveCfg = Release|Any CPU
		{2F44C8A2-B636-FC18-E1B6-FE565CFC753A}.Release|Any CPU.Build.0 = Release|Any CPU
		{8A10FCBD-A975-FFCA-187C-8DAE253C6237}.Debug|Any CPU.ActiveCfg = Debug|Any CPU
		{8A10FCBD-A975-FFCA-187C-8DAE253C6237}.Debug|Any CPU.Build.0 = Debug|Any CPU
		{8A10FCBD-A975-FFCA-187C-8DAE253C6237}.Release|Any CPU.ActiveCfg = Release|Any CPU
		{8A10FCBD-A975-FFCA-187C-8DAE253C6237}.Release|Any CPU.Build.0 = Release|Any CPU
		{07C5A8AB-57FA-2738-0995-10AECA8A377F}.Debug|Any CPU.ActiveCfg = Debug|Any CPU
		{07C5A8AB-57FA-2738-0995-10AECA8A377F}.Debug|Any CPU.Build.0 = Debug|Any CPU
		{07C5A8AB-57FA-2738-0995-10AECA8A377F}.Release|Any CPU.ActiveCfg = Release|Any CPU
		{07C5A8AB-57FA-2738-0995-10AECA8A377F}.Release|Any CPU.Build.0 = Release|Any CPU
		{7B8C3B31-8816-82C5-A440-FA5F6176A8BE}.Debug|Any CPU.ActiveCfg = Debug|Any CPU
		{7B8C3B31-8816-82C5-A440-FA5F6176A8BE}.Debug|Any CPU.Build.0 = Debug|Any CPU
		{7B8C3B31-8816-82C5-A440-FA5F6176A8BE}.Release|Any CPU.ActiveCfg = Release|Any CPU
		{7B8C3B31-8816-82C5-A440-FA5F6176A8BE}.Release|Any CPU.Build.0 = Release|Any CPU
		{0F63A3F3-0F33-14C9-8E6B-211229D5DA29}.Debug|Any CPU.ActiveCfg = Debug|Any CPU
		{0F63A3F3-0F33-14C9-8E6B-211229D5DA29}.Debug|Any CPU.Build.0 = Debug|Any CPU
		{0F63A3F3-0F33-14C9-8E6B-211229D5DA29}.Release|Any CPU.ActiveCfg = Release|Any CPU
		{0F63A3F3-0F33-14C9-8E6B-211229D5DA29}.Release|Any CPU.Build.0 = Release|Any CPU
	EndGlobalSection
	GlobalSection(SolutionProperties) = preSolution
		HideSolutionNode = FALSE
	EndGlobalSection
EndGlobal
