
Microsoft Visual Studio Solution File, Format Version 12.00
# Visual Studio 15
Project("{FAE04EC0-301F-11D3-BF4B-00C04F79EFBC}") = "Zenject", "Zenject.csproj", "{B72A01FE-AC68-4524-2881-975D8A6AE335}"
EndProject
Project("{FAE04EC0-301F-11D3-BF4B-00C04F79EFBC}") = "Zenject-IntegrationTests-Editor", "Zenject-IntegrationTests-Editor.csproj", "{6A63FB6D-196E-D629-5C8F-0F282114F103}"
EndProject
Project("{FAE04EC0-301F-11D3-BF4B-00C04F79EFBC}") = "Zenject-IntegrationTests", "Zenject-IntegrationTests.csproj", "{7E23783E-BB45-3297-969C-0E2A40F25ECA}"
EndProject
Project("{FAE04EC0-301F-11D3-BF4B-00C04F79EFBC}") = "Zenject-PoolMonitor-Editor", "Zenject-PoolMonitor-Editor.csproj", "{D8142E12-C7A6-D2EB-D3AD-1D66739FCC17}"
EndProject
Project("{FAE04EC0-301F-11D3-BF4B-00C04F79EFBC}") = "Zenject-UnitTests-Editor", "Zenject-UnitTests-Editor.csproj", "{56ADB9B3-9E7A-4356-D2E3-4DC804B3F89D}"
EndProject
Project("{FAE04EC0-301F-11D3-BF4B-00C04F79EFBC}") = "Zenject-ReflectionBaking-Editor", "Zenject-ReflectionBaking-Editor.csproj", "{E284E0F2-88E4-D1E3-47D6-5653BD5D30C7}"
EndProject
Project("{FAE04EC0-301F-11D3-BF4B-00C04F79EFBC}") = "Zenject-TestFramework", "Zenject-TestFramework.csproj", "{B6B37959-8715-44C5-F156-3FDE56EB1358}"
EndProject
Project("{FAE04EC0-301F-11D3-BF4B-00C04F79EFBC}") = "Zenject-Editor", "Zenject-Editor.csproj", "{DA62C463-1F29-FDAB-2BFA-E3039E5BEC1A}"
EndProject
Global
	GlobalSection(SolutionConfigurationPlatforms) = preSolution
		Debug|Any CPU = Debug|Any CPU
		Release|Any CPU = Release|Any CPU
	EndGlobalSection
	GlobalSection(ProjectConfigurationPlatforms) = postSolution
		{B72A01FE-AC68-4524-2881-975D8A6AE335}.Debug|Any CPU.ActiveCfg = Debug|Any CPU
		{B72A01FE-AC68-4524-2881-975D8A6AE335}.Debug|Any CPU.Build.0 = Debug|Any CPU
		{B72A01FE-AC68-4524-2881-975D8A6AE335}.Release|Any CPU.ActiveCfg = Release|Any CPU
		{B72A01FE-AC68-4524-2881-975D8A6AE335}.Release|Any CPU.Build.0 = Release|Any CPU
		{6A63FB6D-196E-D629-5C8F-0F282114F103}.Debug|Any CPU.ActiveCfg = Debug|Any CPU
		{6A63FB6D-196E-D629-5C8F-0F282114F103}.Debug|Any CPU.Build.0 = Debug|Any CPU
		{6A63FB6D-196E-D629-5C8F-0F282114F103}.Release|Any CPU.ActiveCfg = Release|Any CPU
		{6A63FB6D-196E-D629-5C8F-0F282114F103}.Release|Any CPU.Build.0 = Release|Any CPU
		{7E23783E-BB45-3297-969C-0E2A40F25ECA}.Debug|Any CPU.ActiveCfg = Debug|Any CPU
		{7E23783E-BB45-3297-969C-0E2A40F25ECA}.Debug|Any CPU.Build.0 = Debug|Any CPU
		{7E23783E-BB45-3297-969C-0E2A40F25ECA}.Release|Any CPU.ActiveCfg = Release|Any CPU
		{7E23783E-BB45-3297-969C-0E2A40F25ECA}.Release|Any CPU.Build.0 = Release|Any CPU
		{D8142E12-C7A6-D2EB-D3AD-1D66739FCC17}.Debug|Any CPU.ActiveCfg = Debug|Any CPU
		{D8142E12-C7A6-D2EB-D3AD-1D66739FCC17}.Debug|Any CPU.Build.0 = Debug|Any CPU
		{D8142E12-C7A6-D2EB-D3AD-1D66739FCC17}.Release|Any CPU.ActiveCfg = Release|Any CPU
		{D8142E12-C7A6-D2EB-D3AD-1D66739FCC17}.Release|Any CPU.Build.0 = Release|Any CPU
		{56ADB9B3-9E7A-4356-D2E3-4DC804B3F89D}.Debug|Any CPU.ActiveCfg = Debug|Any CPU
		{56ADB9B3-9E7A-4356-D2E3-4DC804B3F89D}.Debug|Any CPU.Build.0 = Debug|Any CPU
		{56ADB9B3-9E7A-4356-D2E3-4DC804B3F89D}.Release|Any CPU.ActiveCfg = Release|Any CPU
		{56ADB9B3-9E7A-4356-D2E3-4DC804B3F89D}.Release|Any CPU.Build.0 = Release|Any CPU
		{E284E0F2-88E4-D1E3-47D6-5653BD5D30C7}.Debug|Any CPU.ActiveCfg = Debug|Any CPU
		{E284E0F2-88E4-D1E3-47D6-5653BD5D30C7}.Debug|Any CPU.Build.0 = Debug|Any CPU
		{E284E0F2-88E4-D1E3-47D6-5653BD5D30C7}.Release|Any CPU.ActiveCfg = Release|Any CPU
		{E284E0F2-88E4-D1E3-47D6-5653BD5D30C7}.Release|Any CPU.Build.0 = Release|Any CPU
		{B6B37959-8715-44C5-F156-3FDE56EB1358}.Debug|Any CPU.ActiveCfg = Debug|Any CPU
		{B6B37959-8715-44C5-F156-3FDE56EB1358}.Debug|Any CPU.Build.0 = Debug|Any CPU
		{B6B37959-8715-44C5-F156-3FDE56EB1358}.Release|Any CPU.ActiveCfg = Release|Any CPU
		{B6B37959-8715-44C5-F156-3FDE56EB1358}.Release|Any CPU.Build.0 = Release|Any CPU
		{DA62C463-1F29-FDAB-2BFA-E3039E5BEC1A}.Debug|Any CPU.ActiveCfg = Debug|Any CPU
		{DA62C463-1F29-FDAB-2BFA-E3039E5BEC1A}.Debug|Any CPU.Build.0 = Debug|Any CPU
		{DA62C463-1F29-FDAB-2BFA-E3039E5BEC1A}.Release|Any CPU.ActiveCfg = Release|Any CPU
		{DA62C463-1F29-FDAB-2BFA-E3039E5BEC1A}.Release|Any CPU.Build.0 = Release|Any CPU
	EndGlobalSection
	GlobalSection(SolutionProperties) = preSolution
		HideSolutionNode = FALSE
	EndGlobalSection
EndGlobal
