
Microsoft Visual Studio Solution File, Format Version 12.00
# Visual Studio 15
Project("{FAE04EC0-301F-11D3-BF4B-00C04F79EFBC}") = "UnityEngine.UI", "UnityEngine.UI.csproj", "{EA7CFC43-0C0E-E0BD-CA72-2B21C2079686}"
EndProject
Project("{FAE04EC0-301F-11D3-BF4B-00C04F79EFBC}") = "UnityEngine.TestRunner", "UnityEngine.TestRunner.csproj", "{92A9B95D-87B3-5943-AC3E-A5A5E23CA293}"
EndProject
Project("{FAE04EC0-301F-11D3-BF4B-00C04F79EFBC}") = "Unity.Mathematics", "Unity.Mathematics.csproj", "{F5BD89E0-236B-0613-44B3-3C8562C4464F}"
EndProject
Project("{FAE04EC0-301F-11D3-BF4B-00C04F79EFBC}") = "Unity.2D.Animation.Triangle.Runtime", "Unity.2D.Animation.Triangle.Runtime.csproj", "{4218926D-922D-04A8-FB02-366A1C651CE4}"
EndProject
Project("{FAE04EC0-301F-11D3-BF4B-00C04F79EFBC}") = "Unity.Timeline", "Unity.Timeline.csproj", "{92D9510D-6B31-96C0-55E6-69EFCF663B2F}"
EndProject
Project("{FAE04EC0-301F-11D3-BF4B-00C04F79EFBC}") = "Assembly-CSharp", "Assembly-CSharp.csproj", "{2E6C5400-EDFA-B12B-0300-E18EDDCFA6E1}"
EndProject
Project("{FAE04EC0-301F-11D3-BF4B-00C04F79EFBC}") = "Unity.TextMeshPro", "Unity.TextMeshPro.csproj", "{338C3391-F0E2-6F92-E531-565CB8DC3F59}"
EndProject
Project("{FAE04EC0-301F-11D3-BF4B-00C04F79EFBC}") = "Unity.2D.Animation.Runtime", "Unity.2D.Animation.Runtime.csproj", "{FD7A2607-8C65-FE1D-BF83-46C07C160ADA}"
EndProject
Project("{FAE04EC0-301F-11D3-BF4B-00C04F79EFBC}") = "Unity.2D.IK.Runtime", "Unity.2D.IK.Runtime.csproj", "{94B0756D-FF6D-523B-FCF3-EE88CF20071F}"
EndProject
Project("{FAE04EC0-301F-11D3-BF4B-00C04F79EFBC}") = "Unity.2D.SpriteShape.Runtime", "Unity.2D.SpriteShape.Runtime.csproj", "{59D40D8E-D674-CFA2-904F-740619F1D52F}"
EndProject
Project("{FAE04EC0-301F-11D3-BF4B-00C04F79EFBC}") = "Unity.2D.PixelPerfect", "Unity.2D.PixelPerfect.csproj", "{D16C6CF5-17B6-7533-D6D5-D53BF52FA1C4}"
EndProject
Project("{FAE04EC0-301F-11D3-BF4B-00C04F79EFBC}") = "Unity.2D.Common.Runtime", "Unity.2D.Common.Runtime.csproj", "{F4824514-B097-B95C-48F4-59C6E8D914CB}"
EndProject
Project("{FAE04EC0-301F-11D3-BF4B-00C04F79EFBC}") = "Unity.InternalAPIEngineBridge.001", "Unity.InternalAPIEngineBridge.001.csproj", "{AAEE0071-D948-BA2C-4BB0-22A10E9D03E0}"
EndProject
Project("{FAE04EC0-301F-11D3-BF4B-00C04F79EFBC}") = "UnityEditor.TestRunner", "UnityEditor.TestRunner.csproj", "{22E50877-8B70-100E-9C24-B0C59B685AC3}"
EndProject
Project("{FAE04EC0-301F-11D3-BF4B-00C04F79EFBC}") = "Unity.PlasticSCM.Editor", "Unity.PlasticSCM.Editor.csproj", "{8DFE4C1C-8859-887A-F49F-D0124ECC28FF}"
EndProject
Project("{FAE04EC0-301F-11D3-BF4B-00C04F79EFBC}") = "UnityEditor.UI", "UnityEditor.UI.csproj", "{28FC9ED4-E536-1EC1-254E-088AE2A23E1C}"
EndProject
Project("{FAE04EC0-301F-11D3-BF4B-00C04F79EFBC}") = "Unity.Services.Core.Editor", "Unity.Services.Core.Editor.csproj", "{0B34FE13-3B2C-B61E-89D9-DD56B5CC3885}"
EndProject
Project("{FAE04EC0-301F-11D3-BF4B-00C04F79EFBC}") = "Unity.Timeline.Editor", "Unity.Timeline.Editor.csproj", "{9A438C5D-91C6-FA8E-F9E5-27A4B41D9710}"
EndProject
Project("{FAE04EC0-301F-11D3-BF4B-00C04F79EFBC}") = "Unity.VisualStudio.Editor", "Unity.VisualStudio.Editor.csproj", "{3142F86D-8191-49C4-FAAF-FC58B15E4691}"
EndProject
Project("{FAE04EC0-301F-11D3-BF4B-00C04F79EFBC}") = "Unity.2D.Psdimporter.Editor", "Unity.2D.Psdimporter.Editor.csproj", "{19D18C99-2824-2648-452E-7173622BAD5A}"
EndProject
Project("{FAE04EC0-301F-11D3-BF4B-00C04F79EFBC}") = "Unity.2D.Animation.Editor", "Unity.2D.Animation.Editor.csproj", "{A8B5FE8F-CB6E-1722-A300-4396B3EA8E03}"
EndProject
Project("{FAE04EC0-301F-11D3-BF4B-00C04F79EFBC}") = "Unity.TextMeshPro.Editor", "Unity.TextMeshPro.Editor.csproj", "{81327946-E872-2281-FC6A-1D7A4D504621}"
EndProject
Project("{FAE04EC0-301F-11D3-BF4B-00C04F79EFBC}") = "Unity.2D.SpriteShape.Editor", "Unity.2D.SpriteShape.Editor.csproj", "{2DC5101E-093A-D47B-34E6-5668E1F62BC7}"
EndProject
Project("{FAE04EC0-301F-11D3-BF4B-00C04F79EFBC}") = "Unity.CollabProxy.Editor", "Unity.CollabProxy.Editor.csproj", "{6B4BF46B-6F43-EF27-D287-DB128986807E}"
EndProject
Project("{FAE04EC0-301F-11D3-BF4B-00C04F79EFBC}") = "PsdPlugin", "PsdPlugin.csproj", "{3FF56C33-AB9C-8C96-00DE-824E8AECFAEB}"
EndProject
Project("{FAE04EC0-301F-11D3-BF4B-00C04F79EFBC}") = "Unity.2D.Path.Editor", "Unity.2D.Path.Editor.csproj", "{DC9A3EB6-976D-CB22-DA09-9AEB77832B1C}"
EndProject
Project("{FAE04EC0-301F-11D3-BF4B-00C04F79EFBC}") = "Unity.Rider.Editor", "Unity.Rider.Editor.csproj", "{3C3B531C-D2DF-A354-284C-FEBE72F807A6}"
EndProject
Project("{FAE04EC0-301F-11D3-BF4B-00C04F79EFBC}") = "Unity.DeviceSimulator.Editor", "Unity.DeviceSimulator.Editor.csproj", "{F3612692-F3C5-1066-E448-49A4399FAFCA}"
EndProject
Project("{FAE04EC0-301F-11D3-BF4B-00C04F79EFBC}") = "Unity.2D.IK.Editor", "Unity.2D.IK.Editor.csproj", "{CB95B6D9-745E-E448-0028-31C18753F27F}"
EndProject
Project("{FAE04EC0-301F-11D3-BF4B-00C04F79EFBC}") = "Unity.2D.Sprite.Editor", "Unity.2D.Sprite.Editor.csproj", "{00E61441-0E93-B62A-A90C-F7E7AC072B78}"
EndProject
Project("{FAE04EC0-301F-11D3-BF4B-00C04F79EFBC}") = "Unity.2D.Tilemap.Editor", "Unity.2D.Tilemap.Editor.csproj", "{13D4C692-2455-D49F-5F4C-EE59A154FB83}"
EndProject
Project("{FAE04EC0-301F-11D3-BF4B-00C04F79EFBC}") = "Unity.2D.PixelPerfect.Editor", "Unity.2D.PixelPerfect.Editor.csproj", "{235FEAFB-8BEA-9884-C5AC-57E82E6DA289}"
EndProject
Project("{FAE04EC0-301F-11D3-BF4B-00C04F79EFBC}") = "Unity.VSCode.Editor", "Unity.VSCode.Editor.csproj", "{2DADF3AB-DE6B-44F4-ECD1-BCB2BFE4640A}"
EndProject
Project("{FAE04EC0-301F-11D3-BF4B-00C04F79EFBC}") = "Unity.2D.Common.Editor", "Unity.2D.Common.Editor.csproj", "{8138F8CC-112C-CA1E-4E95-B186891A6114}"
EndProject
Project("{FAE04EC0-301F-11D3-BF4B-00C04F79EFBC}") = "Unity.Mathematics.Editor", "Unity.Mathematics.Editor.csproj", "{BDC38ED8-4CA4-98CF-BEEE-68585C5E0E21}"
EndProject
Project("{FAE04EC0-301F-11D3-BF4B-00C04F79EFBC}") = "Unity.InternalAPIEditorBridge.001", "Unity.InternalAPIEditorBridge.001.csproj", "{3A02C05F-7677-E90F-B766-0F9B9A0658A3}"
EndProject
Global
	GlobalSection(SolutionConfigurationPlatforms) = preSolution
		Debug|Any CPU = Debug|Any CPU
		Release|Any CPU = Release|Any CPU
	EndGlobalSection
	GlobalSection(ProjectConfigurationPlatforms) = postSolution
		{EA7CFC43-0C0E-E0BD-CA72-2B21C2079686}.Debug|Any CPU.ActiveCfg = Debug|Any CPU
		{EA7CFC43-0C0E-E0BD-CA72-2B21C2079686}.Debug|Any CPU.Build.0 = Debug|Any CPU
		{EA7CFC43-0C0E-E0BD-CA72-2B21C2079686}.Release|Any CPU.ActiveCfg = Release|Any CPU
		{EA7CFC43-0C0E-E0BD-CA72-2B21C2079686}.Release|Any CPU.Build.0 = Release|Any CPU
		{92A9B95D-87B3-5943-AC3E-A5A5E23CA293}.Debug|Any CPU.ActiveCfg = Debug|Any CPU
		{92A9B95D-87B3-5943-AC3E-A5A5E23CA293}.Debug|Any CPU.Build.0 = Debug|Any CPU
		{92A9B95D-87B3-5943-AC3E-A5A5E23CA293}.Release|Any CPU.ActiveCfg = Release|Any CPU
		{92A9B95D-87B3-5943-AC3E-A5A5E23CA293}.Release|Any CPU.Build.0 = Release|Any CPU
		{F5BD89E0-236B-0613-44B3-3C8562C4464F}.Debug|Any CPU.ActiveCfg = Debug|Any CPU
		{F5BD89E0-236B-0613-44B3-3C8562C4464F}.Debug|Any CPU.Build.0 = Debug|Any CPU
		{F5BD89E0-236B-0613-44B3-3C8562C4464F}.Release|Any CPU.ActiveCfg = Release|Any CPU
		{F5BD89E0-236B-0613-44B3-3C8562C4464F}.Release|Any CPU.Build.0 = Release|Any CPU
		{4218926D-922D-04A8-FB02-366A1C651CE4}.Debug|Any CPU.ActiveCfg = Debug|Any CPU
		{4218926D-922D-04A8-FB02-366A1C651CE4}.Debug|Any CPU.Build.0 = Debug|Any CPU
		{4218926D-922D-04A8-FB02-366A1C651CE4}.Release|Any CPU.ActiveCfg = Release|Any CPU
		{4218926D-922D-04A8-FB02-366A1C651CE4}.Release|Any CPU.Build.0 = Release|Any CPU
		{92D9510D-6B31-96C0-55E6-69EFCF663B2F}.Debug|Any CPU.ActiveCfg = Debug|Any CPU
		{92D9510D-6B31-96C0-55E6-69EFCF663B2F}.Debug|Any CPU.Build.0 = Debug|Any CPU
		{92D9510D-6B31-96C0-55E6-69EFCF663B2F}.Release|Any CPU.ActiveCfg = Release|Any CPU
		{92D9510D-6B31-96C0-55E6-69EFCF663B2F}.Release|Any CPU.Build.0 = Release|Any CPU
		{2E6C5400-EDFA-B12B-0300-E18EDDCFA6E1}.Debug|Any CPU.ActiveCfg = Debug|Any CPU
		{2E6C5400-EDFA-B12B-0300-E18EDDCFA6E1}.Debug|Any CPU.Build.0 = Debug|Any CPU
		{2E6C5400-EDFA-B12B-0300-E18EDDCFA6E1}.Release|Any CPU.ActiveCfg = Release|Any CPU
		{2E6C5400-EDFA-B12B-0300-E18EDDCFA6E1}.Release|Any CPU.Build.0 = Release|Any CPU
		{338C3391-F0E2-6F92-E531-565CB8DC3F59}.Debug|Any CPU.ActiveCfg = Debug|Any CPU
		{338C3391-F0E2-6F92-E531-565CB8DC3F59}.Debug|Any CPU.Build.0 = Debug|Any CPU
		{338C3391-F0E2-6F92-E531-565CB8DC3F59}.Release|Any CPU.ActiveCfg = Release|Any CPU
		{338C3391-F0E2-6F92-E531-565CB8DC3F59}.Release|Any CPU.Build.0 = Release|Any CPU
		{FD7A2607-8C65-FE1D-BF83-46C07C160ADA}.Debug|Any CPU.ActiveCfg = Debug|Any CPU
		{FD7A2607-8C65-FE1D-BF83-46C07C160ADA}.Debug|Any CPU.Build.0 = Debug|Any CPU
		{FD7A2607-8C65-FE1D-BF83-46C07C160ADA}.Release|Any CPU.ActiveCfg = Release|Any CPU
		{FD7A2607-8C65-FE1D-BF83-46C07C160ADA}.Release|Any CPU.Build.0 = Release|Any CPU
		{94B0756D-FF6D-523B-FCF3-EE88CF20071F}.Debug|Any CPU.ActiveCfg = Debug|Any CPU
		{94B0756D-FF6D-523B-FCF3-EE88CF20071F}.Debug|Any CPU.Build.0 = Debug|Any CPU
		{94B0756D-FF6D-523B-FCF3-EE88CF20071F}.Release|Any CPU.ActiveCfg = Release|Any CPU
		{94B0756D-FF6D-523B-FCF3-EE88CF20071F}.Release|Any CPU.Build.0 = Release|Any CPU
		{59D40D8E-D674-CFA2-904F-740619F1D52F}.Debug|Any CPU.ActiveCfg = Debug|Any CPU
		{59D40D8E-D674-CFA2-904F-740619F1D52F}.Debug|Any CPU.Build.0 = Debug|Any CPU
		{59D40D8E-D674-CFA2-904F-740619F1D52F}.Release|Any CPU.ActiveCfg = Release|Any CPU
		{59D40D8E-D674-CFA2-904F-740619F1D52F}.Release|Any CPU.Build.0 = Release|Any CPU
		{D16C6CF5-17B6-7533-D6D5-D53BF52FA1C4}.Debug|Any CPU.ActiveCfg = Debug|Any CPU
		{D16C6CF5-17B6-7533-D6D5-D53BF52FA1C4}.Debug|Any CPU.Build.0 = Debug|Any CPU
		{D16C6CF5-17B6-7533-D6D5-D53BF52FA1C4}.Release|Any CPU.ActiveCfg = Release|Any CPU
		{D16C6CF5-17B6-7533-D6D5-D53BF52FA1C4}.Release|Any CPU.Build.0 = Release|Any CPU
		{F4824514-B097-B95C-48F4-59C6E8D914CB}.Debug|Any CPU.ActiveCfg = Debug|Any CPU
		{F4824514-B097-B95C-48F4-59C6E8D914CB}.Debug|Any CPU.Build.0 = Debug|Any CPU
		{F4824514-B097-B95C-48F4-59C6E8D914CB}.Release|Any CPU.ActiveCfg = Release|Any CPU
		{F4824514-B097-B95C-48F4-59C6E8D914CB}.Release|Any CPU.Build.0 = Release|Any CPU
		{AAEE0071-D948-BA2C-4BB0-22A10E9D03E0}.Debug|Any CPU.ActiveCfg = Debug|Any CPU
		{AAEE0071-D948-BA2C-4BB0-22A10E9D03E0}.Debug|Any CPU.Build.0 = Debug|Any CPU
		{AAEE0071-D948-BA2C-4BB0-22A10E9D03E0}.Release|Any CPU.ActiveCfg = Release|Any CPU
		{AAEE0071-D948-BA2C-4BB0-22A10E9D03E0}.Release|Any CPU.Build.0 = Release|Any CPU
		{22E50877-8B70-100E-9C24-B0C59B685AC3}.Debug|Any CPU.ActiveCfg = Debug|Any CPU
		{22E50877-8B70-100E-9C24-B0C59B685AC3}.Debug|Any CPU.Build.0 = Debug|Any CPU
		{22E50877-8B70-100E-9C24-B0C59B685AC3}.Release|Any CPU.ActiveCfg = Release|Any CPU
		{22E50877-8B70-100E-9C24-B0C59B685AC3}.Release|Any CPU.Build.0 = Release|Any CPU
		{8DFE4C1C-8859-887A-F49F-D0124ECC28FF}.Debug|Any CPU.ActiveCfg = Debug|Any CPU
		{8DFE4C1C-8859-887A-F49F-D0124ECC28FF}.Debug|Any CPU.Build.0 = Debug|Any CPU
		{8DFE4C1C-8859-887A-F49F-D0124ECC28FF}.Release|Any CPU.ActiveCfg = Release|Any CPU
		{8DFE4C1C-8859-887A-F49F-D0124ECC28FF}.Release|Any CPU.Build.0 = Release|Any CPU
		{28FC9ED4-E536-1EC1-254E-088AE2A23E1C}.Debug|Any CPU.ActiveCfg = Debug|Any CPU
		{28FC9ED4-E536-1EC1-254E-088AE2A23E1C}.Debug|Any CPU.Build.0 = Debug|Any CPU
		{28FC9ED4-E536-1EC1-254E-088AE2A23E1C}.Release|Any CPU.ActiveCfg = Release|Any CPU
		{28FC9ED4-E536-1EC1-254E-088AE2A23E1C}.Release|Any CPU.Build.0 = Release|Any CPU
		{0B34FE13-3B2C-B61E-89D9-DD56B5CC3885}.Debug|Any CPU.ActiveCfg = Debug|Any CPU
		{0B34FE13-3B2C-B61E-89D9-DD56B5CC3885}.Debug|Any CPU.Build.0 = Debug|Any CPU
		{0B34FE13-3B2C-B61E-89D9-DD56B5CC3885}.Release|Any CPU.ActiveCfg = Release|Any CPU
		{0B34FE13-3B2C-B61E-89D9-DD56B5CC3885}.Release|Any CPU.Build.0 = Release|Any CPU
		{9A438C5D-91C6-FA8E-F9E5-27A4B41D9710}.Debug|Any CPU.ActiveCfg = Debug|Any CPU
		{9A438C5D-91C6-FA8E-F9E5-27A4B41D9710}.Debug|Any CPU.Build.0 = Debug|Any CPU
		{9A438C5D-91C6-FA8E-F9E5-27A4B41D9710}.Release|Any CPU.ActiveCfg = Release|Any CPU
		{9A438C5D-91C6-FA8E-F9E5-27A4B41D9710}.Release|Any CPU.Build.0 = Release|Any CPU
		{3142F86D-8191-49C4-FAAF-FC58B15E4691}.Debug|Any CPU.ActiveCfg = Debug|Any CPU
		{3142F86D-8191-49C4-FAAF-FC58B15E4691}.Debug|Any CPU.Build.0 = Debug|Any CPU
		{3142F86D-8191-49C4-FAAF-FC58B15E4691}.Release|Any CPU.ActiveCfg = Release|Any CPU
		{3142F86D-8191-49C4-FAAF-FC58B15E4691}.Release|Any CPU.Build.0 = Release|Any CPU
		{19D18C99-2824-2648-452E-7173622BAD5A}.Debug|Any CPU.ActiveCfg = Debug|Any CPU
		{19D18C99-2824-2648-452E-7173622BAD5A}.Debug|Any CPU.Build.0 = Debug|Any CPU
		{19D18C99-2824-2648-452E-7173622BAD5A}.Release|Any CPU.ActiveCfg = Release|Any CPU
		{19D18C99-2824-2648-452E-7173622BAD5A}.Release|Any CPU.Build.0 = Release|Any CPU
		{A8B5FE8F-CB6E-1722-A300-4396B3EA8E03}.Debug|Any CPU.ActiveCfg = Debug|Any CPU
		{A8B5FE8F-CB6E-1722-A300-4396B3EA8E03}.Debug|Any CPU.Build.0 = Debug|Any CPU
		{A8B5FE8F-CB6E-1722-A300-4396B3EA8E03}.Release|Any CPU.ActiveCfg = Release|Any CPU
		{A8B5FE8F-CB6E-1722-A300-4396B3EA8E03}.Release|Any CPU.Build.0 = Release|Any CPU
		{81327946-E872-2281-FC6A-1D7A4D504621}.Debug|Any CPU.ActiveCfg = Debug|Any CPU
		{81327946-E872-2281-FC6A-1D7A4D504621}.Debug|Any CPU.Build.0 = Debug|Any CPU
		{81327946-E872-2281-FC6A-1D7A4D504621}.Release|Any CPU.ActiveCfg = Release|Any CPU
		{81327946-E872-2281-FC6A-1D7A4D504621}.Release|Any CPU.Build.0 = Release|Any CPU
		{2DC5101E-093A-D47B-34E6-5668E1F62BC7}.Debug|Any CPU.ActiveCfg = Debug|Any CPU
		{2DC5101E-093A-D47B-34E6-5668E1F62BC7}.Debug|Any CPU.Build.0 = Debug|Any CPU
		{2DC5101E-093A-D47B-34E6-5668E1F62BC7}.Release|Any CPU.ActiveCfg = Release|Any CPU
		{2DC5101E-093A-D47B-34E6-5668E1F62BC7}.Release|Any CPU.Build.0 = Release|Any CPU
		{6B4BF46B-6F43-EF27-D287-DB128986807E}.Debug|Any CPU.ActiveCfg = Debug|Any CPU
		{6B4BF46B-6F43-EF27-D287-DB128986807E}.Debug|Any CPU.Build.0 = Debug|Any CPU
		{6B4BF46B-6F43-EF27-D287-DB128986807E}.Release|Any CPU.ActiveCfg = Release|Any CPU
		{6B4BF46B-6F43-EF27-D287-DB128986807E}.Release|Any CPU.Build.0 = Release|Any CPU
		{3FF56C33-AB9C-8C96-00DE-824E8AECFAEB}.Debug|Any CPU.ActiveCfg = Debug|Any CPU
		{3FF56C33-AB9C-8C96-00DE-824E8AECFAEB}.Debug|Any CPU.Build.0 = Debug|Any CPU
		{3FF56C33-AB9C-8C96-00DE-824E8AECFAEB}.Release|Any CPU.ActiveCfg = Release|Any CPU
		{3FF56C33-AB9C-8C96-00DE-824E8AECFAEB}.Release|Any CPU.Build.0 = Release|Any CPU
		{DC9A3EB6-976D-CB22-DA09-9AEB77832B1C}.Debug|Any CPU.ActiveCfg = Debug|Any CPU
		{DC9A3EB6-976D-CB22-DA09-9AEB77832B1C}.Debug|Any CPU.Build.0 = Debug|Any CPU
		{DC9A3EB6-976D-CB22-DA09-9AEB77832B1C}.Release|Any CPU.ActiveCfg = Release|Any CPU
		{DC9A3EB6-976D-CB22-DA09-9AEB77832B1C}.Release|Any CPU.Build.0 = Release|Any CPU
		{3C3B531C-D2DF-A354-284C-FEBE72F807A6}.Debug|Any CPU.ActiveCfg = Debug|Any CPU
		{3C3B531C-D2DF-A354-284C-FEBE72F807A6}.Debug|Any CPU.Build.0 = Debug|Any CPU
		{3C3B531C-D2DF-A354-284C-FEBE72F807A6}.Release|Any CPU.ActiveCfg = Release|Any CPU
		{3C3B531C-D2DF-A354-284C-FEBE72F807A6}.Release|Any CPU.Build.0 = Release|Any CPU
		{F3612692-F3C5-1066-E448-49A4399FAFCA}.Debug|Any CPU.ActiveCfg = Debug|Any CPU
		{F3612692-F3C5-1066-E448-49A4399FAFCA}.Debug|Any CPU.Build.0 = Debug|Any CPU
		{F3612692-F3C5-1066-E448-49A4399FAFCA}.Release|Any CPU.ActiveCfg = Release|Any CPU
		{F3612692-F3C5-1066-E448-49A4399FAFCA}.Release|Any CPU.Build.0 = Release|Any CPU
		{CB95B6D9-745E-E448-0028-31C18753F27F}.Debug|Any CPU.ActiveCfg = Debug|Any CPU
		{CB95B6D9-745E-E448-0028-31C18753F27F}.Debug|Any CPU.Build.0 = Debug|Any CPU
		{CB95B6D9-745E-E448-0028-31C18753F27F}.Release|Any CPU.ActiveCfg = Release|Any CPU
		{CB95B6D9-745E-E448-0028-31C18753F27F}.Release|Any CPU.Build.0 = Release|Any CPU
		{00E61441-0E93-B62A-A90C-F7E7AC072B78}.Debug|Any CPU.ActiveCfg = Debug|Any CPU
		{00E61441-0E93-B62A-A90C-F7E7AC072B78}.Debug|Any CPU.Build.0 = Debug|Any CPU
		{00E61441-0E93-B62A-A90C-F7E7AC072B78}.Release|Any CPU.ActiveCfg = Release|Any CPU
		{00E61441-0E93-B62A-A90C-F7E7AC072B78}.Release|Any CPU.Build.0 = Release|Any CPU
		{13D4C692-2455-D49F-5F4C-EE59A154FB83}.Debug|Any CPU.ActiveCfg = Debug|Any CPU
		{13D4C692-2455-D49F-5F4C-EE59A154FB83}.Debug|Any CPU.Build.0 = Debug|Any CPU
		{13D4C692-2455-D49F-5F4C-EE59A154FB83}.Release|Any CPU.ActiveCfg = Release|Any CPU
		{13D4C692-2455-D49F-5F4C-EE59A154FB83}.Release|Any CPU.Build.0 = Release|Any CPU
		{235FEAFB-8BEA-9884-C5AC-57E82E6DA289}.Debug|Any CPU.ActiveCfg = Debug|Any CPU
		{235FEAFB-8BEA-9884-C5AC-57E82E6DA289}.Debug|Any CPU.Build.0 = Debug|Any CPU
		{235FEAFB-8BEA-9884-C5AC-57E82E6DA289}.Release|Any CPU.ActiveCfg = Release|Any CPU
		{235FEAFB-8BEA-9884-C5AC-57E82E6DA289}.Release|Any CPU.Build.0 = Release|Any CPU
		{2DADF3AB-DE6B-44F4-ECD1-BCB2BFE4640A}.Debug|Any CPU.ActiveCfg = Debug|Any CPU
		{2DADF3AB-DE6B-44F4-ECD1-BCB2BFE4640A}.Debug|Any CPU.Build.0 = Debug|Any CPU
		{2DADF3AB-DE6B-44F4-ECD1-BCB2BFE4640A}.Release|Any CPU.ActiveCfg = Release|Any CPU
		{2DADF3AB-DE6B-44F4-ECD1-BCB2BFE4640A}.Release|Any CPU.Build.0 = Release|Any CPU
		{8138F8CC-112C-CA1E-4E95-B186891A6114}.Debug|Any CPU.ActiveCfg = Debug|Any CPU
		{8138F8CC-112C-CA1E-4E95-B186891A6114}.Debug|Any CPU.Build.0 = Debug|Any CPU
		{8138F8CC-112C-CA1E-4E95-B186891A6114}.Release|Any CPU.ActiveCfg = Release|Any CPU
		{8138F8CC-112C-CA1E-4E95-B186891A6114}.Release|Any CPU.Build.0 = Release|Any CPU
		{BDC38ED8-4CA4-98CF-BEEE-68585C5E0E21}.Debug|Any CPU.ActiveCfg = Debug|Any CPU
		{BDC38ED8-4CA4-98CF-BEEE-68585C5E0E21}.Debug|Any CPU.Build.0 = Debug|Any CPU
		{BDC38ED8-4CA4-98CF-BEEE-68585C5E0E21}.Release|Any CPU.ActiveCfg = Release|Any CPU
		{BDC38ED8-4CA4-98CF-BEEE-68585C5E0E21}.Release|Any CPU.Build.0 = Release|Any CPU
		{3A02C05F-7677-E90F-B766-0F9B9A0658A3}.Debug|Any CPU.ActiveCfg = Debug|Any CPU
		{3A02C05F-7677-E90F-B766-0F9B9A0658A3}.Debug|Any CPU.Build.0 = Debug|Any CPU
		{3A02C05F-7677-E90F-B766-0F9B9A0658A3}.Release|Any CPU.ActiveCfg = Release|Any CPU
		{3A02C05F-7677-E90F-B766-0F9B9A0658A3}.Release|Any CPU.Build.0 = Release|Any CPU
	EndGlobalSection
	GlobalSection(SolutionProperties) = preSolution
		HideSolutionNode = FALSE
	EndGlobalSection
EndGlobal
